Microsoft Visual Studio Solution File, Format Version 12.00
# Visual Studio Version 16
VisualStudioVersion = 16.0.30413.136
MinimumVisualStudioVersion = 10.0.40219.1
Project("{6EC3EE1D-3C4E-46DD-8F32-0CC8E7565705}") = "Sprightly", "Sprightly\Sprightly.fsproj", "{43064BED-2D2F-447E-A8E1-2420E05BC712}"
EndProject
Project("{6EC3EE1D-3C4E-46DD-8F32-0CC8E7565705}") = "Sprightly.WPF", "Sprightly.WPF\Sprightly.WPF.fsproj", "{772A1267-4AD4-420F-8BF1-7168353A7133}"
	ProjectSection(ProjectDependencies) = postProject
		{FFCBA926-2B57-4DCA-B43B-F72ACBA79CB9} = {FFCBA926-2B57-4DCA-B43B-F72ACBA79CB9}
		{876BFEE4-FD65-44EE-89E2-DF60AB29D5BB} = {876BFEE4-FD65-44EE-89E2-DF60AB29D5BB}
	EndProjectSection
EndProject
Project("{9A19103F-16F7-4668-BE54-9A1E7A4F7556}") = "Sprightly.WPF.Components", "Sprightly.WPF.Components\Sprightly.WPF.Components.csproj", "{F1B0D51C-D93F-49C5-84F6-0218E4EB9F39}"
EndProject
Project("{F2A71F9B-5D33-465A-A702-920D77279786}") = "Sprightly.Common", "Sprightly.Common\Sprightly.Common.fsproj", "{86947FC5-3FA7-459E-8964-3A5D7C8F015C}"
EndProject
Project("{F2A71F9B-5D33-465A-A702-920D77279786}") = "Sprightly.Domain", "Sprightly.Domain\Sprightly.Domain.fsproj", "{876BFEE4-FD65-44EE-89E2-DF60AB29D5BB}"
EndProject
Project("{2150E333-8FDC-42A3-9474-1A3956D46DE8}") = "Common", "Common", "{247C06F3-CDE6-452D-98D3-9F98E355319B}"
EndProject
Project("{2150E333-8FDC-42A3-9474-1A3956D46DE8}") = "Domain", "Domain", "{DBEE3955-66F1-4C05-970B-723306FE9065}"
EndProject
Project("{2150E333-8FDC-42A3-9474-1A3956D46DE8}") = "Persistence", "Persistence", "{DB88B745-A014-48FA-938C-D05F6DE09B4C}"
EndProject
Project("{2150E333-8FDC-42A3-9474-1A3956D46DE8}") = "Infrastructure", "Infrastructure", "{1AF866A8-6251-405A-9882-F7AA0799A21F}"
EndProject
Project("{2150E333-8FDC-42A3-9474-1A3956D46DE8}") = "Application", "Application", "{D952FBAC-FCF7-4137-84BD-5F33182FF2CA}"
EndProject
Project("{2150E333-8FDC-42A3-9474-1A3956D46DE8}") = "Presentation", "Presentation", "{2899FC97-391A-4309-AE53-5D68D197DD50}"
EndProject
Project("{F2A71F9B-5D33-465A-A702-920D77279786}") = "Sprightly.Persistence", "Sprightly.Persistence\Sprightly.Persistence.fsproj", "{FFCBA926-2B57-4DCA-B43B-F72ACBA79CB9}"
EndProject
Project("{F2A71F9B-5D33-465A-A702-920D77279786}") = "Sprightly.Infrastructure", "Sprightly.Infrastructure\Sprightly.Infrastructure.fsproj", "{5B3139B9-547B-4182-BAEA-B28D032B5A01}"
EndProject
Global
	GlobalSection(SolutionConfigurationPlatforms) = preSolution
		Ad-Hoc|Any CPU = Ad-Hoc|Any CPU
		Ad-Hoc|ARM = Ad-Hoc|ARM
		Ad-Hoc|iPhone = Ad-Hoc|iPhone
		Ad-Hoc|iPhoneSimulator = Ad-Hoc|iPhoneSimulator
		Ad-Hoc|x64 = Ad-Hoc|x64
		Ad-Hoc|x86 = Ad-Hoc|x86
		AppStore|Any CPU = AppStore|Any CPU
		AppStore|ARM = AppStore|ARM
		AppStore|iPhone = AppStore|iPhone
		AppStore|iPhoneSimulator = AppStore|iPhoneSimulator
		AppStore|x64 = AppStore|x64
		AppStore|x86 = AppStore|x86
		Debug|Any CPU = Debug|Any CPU
		Debug|ARM = Debug|ARM
		Debug|iPhone = Debug|iPhone
		Debug|iPhoneSimulator = Debug|iPhoneSimulator
		Debug|x64 = Debug|x64
		Debug|x86 = Debug|x86
		Release|Any CPU = Release|Any CPU
		Release|ARM = Release|ARM
		Release|iPhone = Release|iPhone
		Release|iPhoneSimulator = Release|iPhoneSimulator
		Release|x64 = Release|x64
		Release|x86 = Release|x86
	EndGlobalSection
	GlobalSection(ProjectConfigurationPlatforms) = postSolution
		{43064BED-2D2F-447E-A8E1-2420E05BC712}.Ad-Hoc|Any CPU.ActiveCfg = Debug|Any CPU
		{43064BED-2D2F-447E-A8E1-2420E05BC712}.Ad-Hoc|Any CPU.Build.0 = Debug|Any CPU
		{43064BED-2D2F-447E-A8E1-2420E05BC712}.Ad-Hoc|ARM.ActiveCfg = Debug|Any CPU
		{43064BED-2D2F-447E-A8E1-2420E05BC712}.Ad-Hoc|ARM.Build.0 = Debug|Any CPU
		{43064BED-2D2F-447E-A8E1-2420E05BC712}.Ad-Hoc|iPhone.ActiveCfg = Debug|Any CPU
		{43064BED-2D2F-447E-A8E1-2420E05BC712}.Ad-Hoc|iPhone.Build.0 = Debug|Any CPU
		{43064BED-2D2F-447E-A8E1-2420E05BC712}.Ad-Hoc|iPhoneSimulator.ActiveCfg = Debug|Any CPU
		{43064BED-2D2F-447E-A8E1-2420E05BC712}.Ad-Hoc|iPhoneSimulator.Build.0 = Debug|Any CPU
		{43064BED-2D2F-447E-A8E1-2420E05BC712}.Ad-Hoc|x64.ActiveCfg = Debug|Any CPU
		{43064BED-2D2F-447E-A8E1-2420E05BC712}.Ad-Hoc|x64.Build.0 = Debug|Any CPU
		{43064BED-2D2F-447E-A8E1-2420E05BC712}.Ad-Hoc|x86.ActiveCfg = Debug|Any CPU
		{43064BED-2D2F-447E-A8E1-2420E05BC712}.Ad-Hoc|x86.Build.0 = Debug|Any CPU
		{43064BED-2D2F-447E-A8E1-2420E05BC712}.AppStore|Any CPU.ActiveCfg = Debug|Any CPU
		{43064BED-2D2F-447E-A8E1-2420E05BC712}.AppStore|Any CPU.Build.0 = Debug|Any CPU
		{43064BED-2D2F-447E-A8E1-2420E05BC712}.AppStore|ARM.ActiveCfg = Debug|Any CPU
		{43064BED-2D2F-447E-A8E1-2420E05BC712}.AppStore|ARM.Build.0 = Debug|Any CPU
		{43064BED-2D2F-447E-A8E1-2420E05BC712}.AppStore|iPhone.ActiveCfg = Debug|Any CPU
		{43064BED-2D2F-447E-A8E1-2420E05BC712}.AppStore|iPhone.Build.0 = Debug|Any CPU
		{43064BED-2D2F-447E-A8E1-2420E05BC712}.AppStore|iPhoneSimulator.ActiveCfg = Debug|Any CPU
		{43064BED-2D2F-447E-A8E1-2420E05BC712}.AppStore|iPhoneSimulator.Build.0 = Debug|Any CPU
		{43064BED-2D2F-447E-A8E1-2420E05BC712}.AppStore|x64.ActiveCfg = Debug|Any CPU
		{43064BED-2D2F-447E-A8E1-2420E05BC712}.AppStore|x64.Build.0 = Debug|Any CPU
		{43064BED-2D2F-447E-A8E1-2420E05BC712}.AppStore|x86.ActiveCfg = Debug|Any CPU
		{43064BED-2D2F-447E-A8E1-2420E05BC712}.AppStore|x86.Build.0 = Debug|Any CPU
		{43064BED-2D2F-447E-A8E1-2420E05BC712}.Debug|Any CPU.ActiveCfg = Debug|Any CPU
		{43064BED-2D2F-447E-A8E1-2420E05BC712}.Debug|Any CPU.Build.0 = Debug|Any CPU
		{43064BED-2D2F-447E-A8E1-2420E05BC712}.Debug|ARM.ActiveCfg = Debug|Any CPU
		{43064BED-2D2F-447E-A8E1-2420E05BC712}.Debug|ARM.Build.0 = Debug|Any CPU
		{43064BED-2D2F-447E-A8E1-2420E05BC712}.Debug|iPhone.ActiveCfg = Debug|Any CPU
		{43064BED-2D2F-447E-A8E1-2420E05BC712}.Debug|iPhone.Build.0 = Debug|Any CPU
		{43064BED-2D2F-447E-A8E1-2420E05BC712}.Debug|iPhoneSimulator.ActiveCfg = Debug|Any CPU
		{43064BED-2D2F-447E-A8E1-2420E05BC712}.Debug|iPhoneSimulator.Build.0 = Debug|Any CPU
		{43064BED-2D2F-447E-A8E1-2420E05BC712}.Debug|x64.ActiveCfg = Debug|Any CPU
		{43064BED-2D2F-447E-A8E1-2420E05BC712}.Debug|x64.Build.0 = Debug|Any CPU
		{43064BED-2D2F-447E-A8E1-2420E05BC712}.Debug|x86.ActiveCfg = Debug|Any CPU
		{43064BED-2D2F-447E-A8E1-2420E05BC712}.Debug|x86.Build.0 = Debug|Any CPU
		{43064BED-2D2F-447E-A8E1-2420E05BC712}.Release|Any CPU.ActiveCfg = Release|Any CPU
		{43064BED-2D2F-447E-A8E1-2420E05BC712}.Release|Any CPU.Build.0 = Release|Any CPU
		{43064BED-2D2F-447E-A8E1-2420E05BC712}.Release|ARM.ActiveCfg = Release|Any CPU
		{43064BED-2D2F-447E-A8E1-2420E05BC712}.Release|ARM.Build.0 = Release|Any CPU
		{43064BED-2D2F-447E-A8E1-2420E05BC712}.Release|iPhone.ActiveCfg = Release|Any CPU
		{43064BED-2D2F-447E-A8E1-2420E05BC712}.Release|iPhone.Build.0 = Release|Any CPU
		{43064BED-2D2F-447E-A8E1-2420E05BC712}.Release|iPhoneSimulator.ActiveCfg = Release|Any CPU
		{43064BED-2D2F-447E-A8E1-2420E05BC712}.Release|iPhoneSimulator.Build.0 = Release|Any CPU
		{43064BED-2D2F-447E-A8E1-2420E05BC712}.Release|x64.ActiveCfg = Release|Any CPU
		{43064BED-2D2F-447E-A8E1-2420E05BC712}.Release|x64.Build.0 = Release|Any CPU
		{43064BED-2D2F-447E-A8E1-2420E05BC712}.Release|x86.ActiveCfg = Release|Any CPU
		{43064BED-2D2F-447E-A8E1-2420E05BC712}.Release|x86.Build.0 = Release|Any CPU
		{772A1267-4AD4-420F-8BF1-7168353A7133}.Ad-Hoc|Any CPU.ActiveCfg = Release|Any CPU
		{772A1267-4AD4-420F-8BF1-7168353A7133}.Ad-Hoc|Any CPU.Build.0 = Release|Any CPU
		{772A1267-4AD4-420F-8BF1-7168353A7133}.Ad-Hoc|ARM.ActiveCfg = Release|Any CPU
		{772A1267-4AD4-420F-8BF1-7168353A7133}.Ad-Hoc|ARM.Build.0 = Release|Any CPU
		{772A1267-4AD4-420F-8BF1-7168353A7133}.Ad-Hoc|iPhone.ActiveCfg = Release|Any CPU
		{772A1267-4AD4-420F-8BF1-7168353A7133}.Ad-Hoc|iPhone.Build.0 = Release|Any CPU
		{772A1267-4AD4-420F-8BF1-7168353A7133}.Ad-Hoc|iPhoneSimulator.ActiveCfg = Release|Any CPU
		{772A1267-4AD4-420F-8BF1-7168353A7133}.Ad-Hoc|iPhoneSimulator.Build.0 = Release|Any CPU
		{772A1267-4AD4-420F-8BF1-7168353A7133}.Ad-Hoc|x64.ActiveCfg = Release|Any CPU
		{772A1267-4AD4-420F-8BF1-7168353A7133}.Ad-Hoc|x64.Build.0 = Release|Any CPU
		{772A1267-4AD4-420F-8BF1-7168353A7133}.Ad-Hoc|x86.ActiveCfg = Release|Any CPU
		{772A1267-4AD4-420F-8BF1-7168353A7133}.Ad-Hoc|x86.Build.0 = Release|Any CPU
		{772A1267-4AD4-420F-8BF1-7168353A7133}.AppStore|Any CPU.ActiveCfg = Release|Any CPU
		{772A1267-4AD4-420F-8BF1-7168353A7133}.AppStore|Any CPU.Build.0 = Release|Any CPU
		{772A1267-4AD4-420F-8BF1-7168353A7133}.AppStore|ARM.ActiveCfg = Release|Any CPU
		{772A1267-4AD4-420F-8BF1-7168353A7133}.AppStore|ARM.Build.0 = Release|Any CPU
		{772A1267-4AD4-420F-8BF1-7168353A7133}.AppStore|iPhone.ActiveCfg = Release|Any CPU
		{772A1267-4AD4-420F-8BF1-7168353A7133}.AppStore|iPhone.Build.0 = Release|Any CPU
		{772A1267-4AD4-420F-8BF1-7168353A7133}.AppStore|iPhoneSimulator.ActiveCfg = Release|Any CPU
		{772A1267-4AD4-420F-8BF1-7168353A7133}.AppStore|iPhoneSimulator.Build.0 = Release|Any CPU
		{772A1267-4AD4-420F-8BF1-7168353A7133}.AppStore|x64.ActiveCfg = Release|Any CPU
		{772A1267-4AD4-420F-8BF1-7168353A7133}.AppStore|x64.Build.0 = Release|Any CPU
		{772A1267-4AD4-420F-8BF1-7168353A7133}.AppStore|x86.ActiveCfg = Release|Any CPU
		{772A1267-4AD4-420F-8BF1-7168353A7133}.AppStore|x86.Build.0 = Release|Any CPU
		{772A1267-4AD4-420F-8BF1-7168353A7133}.Debug|Any CPU.ActiveCfg = Debug|Any CPU
		{772A1267-4AD4-420F-8BF1-7168353A7133}.Debug|Any CPU.Build.0 = Debug|Any CPU
		{772A1267-4AD4-420F-8BF1-7168353A7133}.Debug|ARM.ActiveCfg = Debug|Any CPU
		{772A1267-4AD4-420F-8BF1-7168353A7133}.Debug|ARM.Build.0 = Debug|Any CPU
		{772A1267-4AD4-420F-8BF1-7168353A7133}.Debug|iPhone.ActiveCfg = Debug|Any CPU
		{772A1267-4AD4-420F-8BF1-7168353A7133}.Debug|iPhone.Build.0 = Debug|Any CPU
		{772A1267-4AD4-420F-8BF1-7168353A7133}.Debug|iPhoneSimulator.ActiveCfg = Debug|Any CPU
		{772A1267-4AD4-420F-8BF1-7168353A7133}.Debug|iPhoneSimulator.Build.0 = Debug|Any CPU
		{772A1267-4AD4-420F-8BF1-7168353A7133}.Debug|x64.ActiveCfg = Debug|Any CPU
		{772A1267-4AD4-420F-8BF1-7168353A7133}.Debug|x64.Build.0 = Debug|Any CPU
		{772A1267-4AD4-420F-8BF1-7168353A7133}.Debug|x86.ActiveCfg = Debug|Any CPU
		{772A1267-4AD4-420F-8BF1-7168353A7133}.Debug|x86.Build.0 = Debug|Any CPU
		{772A1267-4AD4-420F-8BF1-7168353A7133}.Release|Any CPU.ActiveCfg = Release|Any CPU
		{772A1267-4AD4-420F-8BF1-7168353A7133}.Release|Any CPU.Build.0 = Release|Any CPU
		{772A1267-4AD4-420F-8BF1-7168353A7133}.Release|ARM.ActiveCfg = Release|Any CPU
		{772A1267-4AD4-420F-8BF1-7168353A7133}.Release|ARM.Build.0 = Release|Any CPU
		{772A1267-4AD4-420F-8BF1-7168353A7133}.Release|iPhone.ActiveCfg = Release|Any CPU
		{772A1267-4AD4-420F-8BF1-7168353A7133}.Release|iPhone.Build.0 = Release|Any CPU
		{772A1267-4AD4-420F-8BF1-7168353A7133}.Release|iPhoneSimulator.ActiveCfg = Release|Any CPU
		{772A1267-4AD4-420F-8BF1-7168353A7133}.Release|iPhoneSimulator.Build.0 = Release|Any CPU
		{772A1267-4AD4-420F-8BF1-7168353A7133}.Release|x64.ActiveCfg = Release|Any CPU
		{772A1267-4AD4-420F-8BF1-7168353A7133}.Release|x64.Build.0 = Release|Any CPU
		{772A1267-4AD4-420F-8BF1-7168353A7133}.Release|x86.ActiveCfg = Release|Any CPU
		{772A1267-4AD4-420F-8BF1-7168353A7133}.Release|x86.Build.0 = Release|Any CPU
		{F1B0D51C-D93F-49C5-84F6-0218E4EB9F39}.Ad-Hoc|Any CPU.ActiveCfg = Debug|Any CPU
		{F1B0D51C-D93F-49C5-84F6-0218E4EB9F39}.Ad-Hoc|Any CPU.Build.0 = Debug|Any CPU
		{F1B0D51C-D93F-49C5-84F6-0218E4EB9F39}.Ad-Hoc|ARM.ActiveCfg = Debug|Any CPU
		{F1B0D51C-D93F-49C5-84F6-0218E4EB9F39}.Ad-Hoc|ARM.Build.0 = Debug|Any CPU
		{F1B0D51C-D93F-49C5-84F6-0218E4EB9F39}.Ad-Hoc|iPhone.ActiveCfg = Debug|Any CPU
		{F1B0D51C-D93F-49C5-84F6-0218E4EB9F39}.Ad-Hoc|iPhone.Build.0 = Debug|Any CPU
		{F1B0D51C-D93F-49C5-84F6-0218E4EB9F39}.Ad-Hoc|iPhoneSimulator.ActiveCfg = Debug|Any CPU
		{F1B0D51C-D93F-49C5-84F6-0218E4EB9F39}.Ad-Hoc|iPhoneSimulator.Build.0 = Debug|Any CPU
		{F1B0D51C-D93F-49C5-84F6-0218E4EB9F39}.Ad-Hoc|x64.ActiveCfg = Debug|Any CPU
		{F1B0D51C-D93F-49C5-84F6-0218E4EB9F39}.Ad-Hoc|x64.Build.0 = Debug|Any CPU
		{F1B0D51C-D93F-49C5-84F6-0218E4EB9F39}.Ad-Hoc|x86.ActiveCfg = Debug|Any CPU
		{F1B0D51C-D93F-49C5-84F6-0218E4EB9F39}.Ad-Hoc|x86.Build.0 = Debug|Any CPU
		{F1B0D51C-D93F-49C5-84F6-0218E4EB9F39}.AppStore|Any CPU.ActiveCfg = Debug|Any CPU
		{F1B0D51C-D93F-49C5-84F6-0218E4EB9F39}.AppStore|Any CPU.Build.0 = Debug|Any CPU
		{F1B0D51C-D93F-49C5-84F6-0218E4EB9F39}.AppStore|ARM.ActiveCfg = Debug|Any CPU
		{F1B0D51C-D93F-49C5-84F6-0218E4EB9F39}.AppStore|ARM.Build.0 = Debug|Any CPU
		{F1B0D51C-D93F-49C5-84F6-0218E4EB9F39}.AppStore|iPhone.ActiveCfg = Debug|Any CPU
		{F1B0D51C-D93F-49C5-84F6-0218E4EB9F39}.AppStore|iPhone.Build.0 = Debug|Any CPU
		{F1B0D51C-D93F-49C5-84F6-0218E4EB9F39}.AppStore|iPhoneSimulator.ActiveCfg = Debug|Any CPU
		{F1B0D51C-D93F-49C5-84F6-0218E4EB9F39}.AppStore|iPhoneSimulator.Build.0 = Debug|Any CPU
		{F1B0D51C-D93F-49C5-84F6-0218E4EB9F39}.AppStore|x64.ActiveCfg = Debug|Any CPU
		{F1B0D51C-D93F-49C5-84F6-0218E4EB9F39}.AppStore|x64.Build.0 = Debug|Any CPU
		{F1B0D51C-D93F-49C5-84F6-0218E4EB9F39}.AppStore|x86.ActiveCfg = Debug|Any CPU
		{F1B0D51C-D93F-49C5-84F6-0218E4EB9F39}.AppStore|x86.Build.0 = Debug|Any CPU
		{F1B0D51C-D93F-49C5-84F6-0218E4EB9F39}.Debug|Any CPU.ActiveCfg = Debug|Any CPU
		{F1B0D51C-D93F-49C5-84F6-0218E4EB9F39}.Debug|Any CPU.Build.0 = Debug|Any CPU
		{F1B0D51C-D93F-49C5-84F6-0218E4EB9F39}.Debug|ARM.ActiveCfg = Debug|Any CPU
		{F1B0D51C-D93F-49C5-84F6-0218E4EB9F39}.Debug|ARM.Build.0 = Debug|Any CPU
		{F1B0D51C-D93F-49C5-84F6-0218E4EB9F39}.Debug|iPhone.ActiveCfg = Debug|Any CPU
		{F1B0D51C-D93F-49C5-84F6-0218E4EB9F39}.Debug|iPhone.Build.0 = Debug|Any CPU
		{F1B0D51C-D93F-49C5-84F6-0218E4EB9F39}.Debug|iPhoneSimulator.ActiveCfg = Debug|Any CPU
		{F1B0D51C-D93F-49C5-84F6-0218E4EB9F39}.Debug|iPhoneSimulator.Build.0 = Debug|Any CPU
		{F1B0D51C-D93F-49C5-84F6-0218E4EB9F39}.Debug|x64.ActiveCfg = Debug|Any CPU
		{F1B0D51C-D93F-49C5-84F6-0218E4EB9F39}.Debug|x64.Build.0 = Debug|Any CPU
		{F1B0D51C-D93F-49C5-84F6-0218E4EB9F39}.Debug|x86.ActiveCfg = Debug|Any CPU
		{F1B0D51C-D93F-49C5-84F6-0218E4EB9F39}.Debug|x86.Build.0 = Debug|Any CPU
		{F1B0D51C-D93F-49C5-84F6-0218E4EB9F39}.Release|Any CPU.ActiveCfg = Release|Any CPU
		{F1B0D51C-D93F-49C5-84F6-0218E4EB9F39}.Release|Any CPU.Build.0 = Release|Any CPU
		{F1B0D51C-D93F-49C5-84F6-0218E4EB9F39}.Release|ARM.ActiveCfg = Release|Any CPU
		{F1B0D51C-D93F-49C5-84F6-0218E4EB9F39}.Release|ARM.Build.0 = Release|Any CPU
		{F1B0D51C-D93F-49C5-84F6-0218E4EB9F39}.Release|iPhone.ActiveCfg = Release|Any CPU
		{F1B0D51C-D93F-49C5-84F6-0218E4EB9F39}.Release|iPhone.Build.0 = Release|Any CPU
		{F1B0D51C-D93F-49C5-84F6-0218E4EB9F39}.Release|iPhoneSimulator.ActiveCfg = Release|Any CPU
		{F1B0D51C-D93F-49C5-84F6-0218E4EB9F39}.Release|iPhoneSimulator.Build.0 = Release|Any CPU
		{F1B0D51C-D93F-49C5-84F6-0218E4EB9F39}.Release|x64.ActiveCfg = Release|Any CPU
		{F1B0D51C-D93F-49C5-84F6-0218E4EB9F39}.Release|x64.Build.0 = Release|Any CPU
		{F1B0D51C-D93F-49C5-84F6-0218E4EB9F39}.Release|x86.ActiveCfg = Release|Any CPU
		{F1B0D51C-D93F-49C5-84F6-0218E4EB9F39}.Release|x86.Build.0 = Release|Any CPU
		{86947FC5-3FA7-459E-8964-3A5D7C8F015C}.Ad-Hoc|Any CPU.ActiveCfg = Debug|Any CPU
		{86947FC5-3FA7-459E-8964-3A5D7C8F015C}.Ad-Hoc|Any CPU.Build.0 = Debug|Any CPU
		{86947FC5-3FA7-459E-8964-3A5D7C8F015C}.Ad-Hoc|ARM.ActiveCfg = Debug|Any CPU
		{86947FC5-3FA7-459E-8964-3A5D7C8F015C}.Ad-Hoc|ARM.Build.0 = Debug|Any CPU
		{86947FC5-3FA7-459E-8964-3A5D7C8F015C}.Ad-Hoc|iPhone.ActiveCfg = Debug|Any CPU
		{86947FC5-3FA7-459E-8964-3A5D7C8F015C}.Ad-Hoc|iPhone.Build.0 = Debug|Any CPU
		{86947FC5-3FA7-459E-8964-3A5D7C8F015C}.Ad-Hoc|iPhoneSimulator.ActiveCfg = Debug|Any CPU
		{86947FC5-3FA7-459E-8964-3A5D7C8F015C}.Ad-Hoc|iPhoneSimulator.Build.0 = Debug|Any CPU
		{86947FC5-3FA7-459E-8964-3A5D7C8F015C}.Ad-Hoc|x64.ActiveCfg = Debug|Any CPU
		{86947FC5-3FA7-459E-8964-3A5D7C8F015C}.Ad-Hoc|x64.Build.0 = Debug|Any CPU
		{86947FC5-3FA7-459E-8964-3A5D7C8F015C}.Ad-Hoc|x86.ActiveCfg = Debug|Any CPU
		{86947FC5-3FA7-459E-8964-3A5D7C8F015C}.Ad-Hoc|x86.Build.0 = Debug|Any CPU
		{86947FC5-3FA7-459E-8964-3A5D7C8F015C}.AppStore|Any CPU.ActiveCfg = Debug|Any CPU
		{86947FC5-3FA7-459E-8964-3A5D7C8F015C}.AppStore|Any CPU.Build.0 = Debug|Any CPU
		{86947FC5-3FA7-459E-8964-3A5D7C8F015C}.AppStore|ARM.ActiveCfg = Debug|Any CPU
		{86947FC5-3FA7-459E-8964-3A5D7C8F015C}.AppStore|ARM.Build.0 = Debug|Any CPU
		{86947FC5-3FA7-459E-8964-3A5D7C8F015C}.AppStore|iPhone.ActiveCfg = Debug|Any CPU
		{86947FC5-3FA7-459E-8964-3A5D7C8F015C}.AppStore|iPhone.Build.0 = Debug|Any CPU
		{86947FC5-3FA7-459E-8964-3A5D7C8F015C}.AppStore|iPhoneSimulator.ActiveCfg = Debug|Any CPU
		{86947FC5-3FA7-459E-8964-3A5D7C8F015C}.AppStore|iPhoneSimulator.Build.0 = Debug|Any CPU
		{86947FC5-3FA7-459E-8964-3A5D7C8F015C}.AppStore|x64.ActiveCfg = Debug|Any CPU
		{86947FC5-3FA7-459E-8964-3A5D7C8F015C}.AppStore|x64.Build.0 = Debug|Any CPU
		{86947FC5-3FA7-459E-8964-3A5D7C8F015C}.AppStore|x86.ActiveCfg = Debug|Any CPU
		{86947FC5-3FA7-459E-8964-3A5D7C8F015C}.AppStore|x86.Build.0 = Debug|Any CPU
		{86947FC5-3FA7-459E-8964-3A5D7C8F015C}.Debug|Any CPU.ActiveCfg = Debug|Any CPU
		{86947FC5-3FA7-459E-8964-3A5D7C8F015C}.Debug|Any CPU.Build.0 = Debug|Any CPU
		{86947FC5-3FA7-459E-8964-3A5D7C8F015C}.Debug|ARM.ActiveCfg = Debug|Any CPU
		{86947FC5-3FA7-459E-8964-3A5D7C8F015C}.Debug|ARM.Build.0 = Debug|Any CPU
		{86947FC5-3FA7-459E-8964-3A5D7C8F015C}.Debug|iPhone.ActiveCfg = Debug|Any CPU
		{86947FC5-3FA7-459E-8964-3A5D7C8F015C}.Debug|iPhone.Build.0 = Debug|Any CPU
		{86947FC5-3FA7-459E-8964-3A5D7C8F015C}.Debug|iPhoneSimulator.ActiveCfg = Debug|Any CPU
		{86947FC5-3FA7-459E-8964-3A5D7C8F015C}.Debug|iPhoneSimulator.Build.0 = Debug|Any CPU
		{86947FC5-3FA7-459E-8964-3A5D7C8F015C}.Debug|x64.ActiveCfg = Debug|Any CPU
		{86947FC5-3FA7-459E-8964-3A5D7C8F015C}.Debug|x64.Build.0 = Debug|Any CPU
		{86947FC5-3FA7-459E-8964-3A5D7C8F015C}.Debug|x86.ActiveCfg = Debug|Any CPU
		{86947FC5-3FA7-459E-8964-3A5D7C8F015C}.Debug|x86.Build.0 = Debug|Any CPU
		{86947FC5-3FA7-459E-8964-3A5D7C8F015C}.Release|Any CPU.ActiveCfg = Release|Any CPU
		{86947FC5-3FA7-459E-8964-3A5D7C8F015C}.Release|Any CPU.Build.0 = Release|Any CPU
		{86947FC5-3FA7-459E-8964-3A5D7C8F015C}.Release|ARM.ActiveCfg = Release|Any CPU
		{86947FC5-3FA7-459E-8964-3A5D7C8F015C}.Release|ARM.Build.0 = Release|Any CPU
		{86947FC5-3FA7-459E-8964-3A5D7C8F015C}.Release|iPhone.ActiveCfg = Release|Any CPU
		{86947FC5-3FA7-459E-8964-3A5D7C8F015C}.Release|iPhone.Build.0 = Release|Any CPU
		{86947FC5-3FA7-459E-8964-3A5D7C8F015C}.Release|iPhoneSimulator.ActiveCfg = Release|Any CPU
		{86947FC5-3FA7-459E-8964-3A5D7C8F015C}.Release|iPhoneSimulator.Build.0 = Release|Any CPU
		{86947FC5-3FA7-459E-8964-3A5D7C8F015C}.Release|x64.ActiveCfg = Release|Any CPU
		{86947FC5-3FA7-459E-8964-3A5D7C8F015C}.Release|x64.Build.0 = Release|Any CPU
		{86947FC5-3FA7-459E-8964-3A5D7C8F015C}.Release|x86.ActiveCfg = Release|Any CPU
		{86947FC5-3FA7-459E-8964-3A5D7C8F015C}.Release|x86.Build.0 = Release|Any CPU
		{876BFEE4-FD65-44EE-89E2-DF60AB29D5BB}.Ad-Hoc|Any CPU.ActiveCfg = Debug|Any CPU
		{876BFEE4-FD65-44EE-89E2-DF60AB29D5BB}.Ad-Hoc|Any CPU.Build.0 = Debug|Any CPU
		{876BFEE4-FD65-44EE-89E2-DF60AB29D5BB}.Ad-Hoc|ARM.ActiveCfg = Debug|Any CPU
		{876BFEE4-FD65-44EE-89E2-DF60AB29D5BB}.Ad-Hoc|ARM.Build.0 = Debug|Any CPU
		{876BFEE4-FD65-44EE-89E2-DF60AB29D5BB}.Ad-Hoc|iPhone.ActiveCfg = Debug|Any CPU
		{876BFEE4-FD65-44EE-89E2-DF60AB29D5BB}.Ad-Hoc|iPhone.Build.0 = Debug|Any CPU
		{876BFEE4-FD65-44EE-89E2-DF60AB29D5BB}.Ad-Hoc|iPhoneSimulator.ActiveCfg = Debug|Any CPU
		{876BFEE4-FD65-44EE-89E2-DF60AB29D5BB}.Ad-Hoc|iPhoneSimulator.Build.0 = Debug|Any CPU
		{876BFEE4-FD65-44EE-89E2-DF60AB29D5BB}.Ad-Hoc|x64.ActiveCfg = Debug|Any CPU
		{876BFEE4-FD65-44EE-89E2-DF60AB29D5BB}.Ad-Hoc|x64.Build.0 = Debug|Any CPU
		{876BFEE4-FD65-44EE-89E2-DF60AB29D5BB}.Ad-Hoc|x86.ActiveCfg = Debug|Any CPU
		{876BFEE4-FD65-44EE-89E2-DF60AB29D5BB}.Ad-Hoc|x86.Build.0 = Debug|Any CPU
		{876BFEE4-FD65-44EE-89E2-DF60AB29D5BB}.AppStore|Any CPU.ActiveCfg = Debug|Any CPU
		{876BFEE4-FD65-44EE-89E2-DF60AB29D5BB}.AppStore|Any CPU.Build.0 = Debug|Any CPU
		{876BFEE4-FD65-44EE-89E2-DF60AB29D5BB}.AppStore|ARM.ActiveCfg = Debug|Any CPU
		{876BFEE4-FD65-44EE-89E2-DF60AB29D5BB}.AppStore|ARM.Build.0 = Debug|Any CPU
		{876BFEE4-FD65-44EE-89E2-DF60AB29D5BB}.AppStore|iPhone.ActiveCfg = Debug|Any CPU
		{876BFEE4-FD65-44EE-89E2-DF60AB29D5BB}.AppStore|iPhone.Build.0 = Debug|Any CPU
		{876BFEE4-FD65-44EE-89E2-DF60AB29D5BB}.AppStore|iPhoneSimulator.ActiveCfg = Debug|Any CPU
		{876BFEE4-FD65-44EE-89E2-DF60AB29D5BB}.AppStore|iPhoneSimulator.Build.0 = Debug|Any CPU
		{876BFEE4-FD65-44EE-89E2-DF60AB29D5BB}.AppStore|x64.ActiveCfg = Debug|Any CPU
		{876BFEE4-FD65-44EE-89E2-DF60AB29D5BB}.AppStore|x64.Build.0 = Debug|Any CPU
		{876BFEE4-FD65-44EE-89E2-DF60AB29D5BB}.AppStore|x86.ActiveCfg = Debug|Any CPU
		{876BFEE4-FD65-44EE-89E2-DF60AB29D5BB}.AppStore|x86.Build.0 = Debug|Any CPU
		{876BFEE4-FD65-44EE-89E2-DF60AB29D5BB}.Debug|Any CPU.ActiveCfg = Debug|Any CPU
		{876BFEE4-FD65-44EE-89E2-DF60AB29D5BB}.Debug|Any CPU.Build.0 = Debug|Any CPU
		{876BFEE4-FD65-44EE-89E2-DF60AB29D5BB}.Debug|ARM.ActiveCfg = Debug|Any CPU
		{876BFEE4-FD65-44EE-89E2-DF60AB29D5BB}.Debug|ARM.Build.0 = Debug|Any CPU
		{876BFEE4-FD65-44EE-89E2-DF60AB29D5BB}.Debug|iPhone.ActiveCfg = Debug|Any CPU
		{876BFEE4-FD65-44EE-89E2-DF60AB29D5BB}.Debug|iPhone.Build.0 = Debug|Any CPU
		{876BFEE4-FD65-44EE-89E2-DF60AB29D5BB}.Debug|iPhoneSimulator.ActiveCfg = Debug|Any CPU
		{876BFEE4-FD65-44EE-89E2-DF60AB29D5BB}.Debug|iPhoneSimulator.Build.0 = Debug|Any CPU
		{876BFEE4-FD65-44EE-89E2-DF60AB29D5BB}.Debug|x64.ActiveCfg = Debug|Any CPU
		{876BFEE4-FD65-44EE-89E2-DF60AB29D5BB}.Debug|x64.Build.0 = Debug|Any CPU
		{876BFEE4-FD65-44EE-89E2-DF60AB29D5BB}.Debug|x86.ActiveCfg = Debug|Any CPU
		{876BFEE4-FD65-44EE-89E2-DF60AB29D5BB}.Debug|x86.Build.0 = Debug|Any CPU
		{876BFEE4-FD65-44EE-89E2-DF60AB29D5BB}.Release|Any CPU.ActiveCfg = Release|Any CPU
		{876BFEE4-FD65-44EE-89E2-DF60AB29D5BB}.Release|Any CPU.Build.0 = Release|Any CPU
		{876BFEE4-FD65-44EE-89E2-DF60AB29D5BB}.Release|ARM.ActiveCfg = Release|Any CPU
		{876BFEE4-FD65-44EE-89E2-DF60AB29D5BB}.Release|ARM.Build.0 = Release|Any CPU
		{876BFEE4-FD65-44EE-89E2-DF60AB29D5BB}.Release|iPhone.ActiveCfg = Release|Any CPU
		{876BFEE4-FD65-44EE-89E2-DF60AB29D5BB}.Release|iPhone.Build.0 = Release|Any CPU
		{876BFEE4-FD65-44EE-89E2-DF60AB29D5BB}.Release|iPhoneSimulator.ActiveCfg = Release|Any CPU
		{876BFEE4-FD65-44EE-89E2-DF60AB29D5BB}.Release|iPhoneSimulator.Build.0 = Release|Any CPU
		{876BFEE4-FD65-44EE-89E2-DF60AB29D5BB}.Release|x64.ActiveCfg = Release|Any CPU
		{876BFEE4-FD65-44EE-89E2-DF60AB29D5BB}.Release|x64.Build.0 = Release|Any CPU
		{876BFEE4-FD65-44EE-89E2-DF60AB29D5BB}.Release|x86.ActiveCfg = Release|Any CPU
		{876BFEE4-FD65-44EE-89E2-DF60AB29D5BB}.Release|x86.Build.0 = Release|Any CPU
		{FFCBA926-2B57-4DCA-B43B-F72ACBA79CB9}.Ad-Hoc|Any CPU.ActiveCfg = Debug|Any CPU
		{FFCBA926-2B57-4DCA-B43B-F72ACBA79CB9}.Ad-Hoc|Any CPU.Build.0 = Debug|Any CPU
		{FFCBA926-2B57-4DCA-B43B-F72ACBA79CB9}.Ad-Hoc|ARM.ActiveCfg = Debug|Any CPU
		{FFCBA926-2B57-4DCA-B43B-F72ACBA79CB9}.Ad-Hoc|ARM.Build.0 = Debug|Any CPU
		{FFCBA926-2B57-4DCA-B43B-F72ACBA79CB9}.Ad-Hoc|iPhone.ActiveCfg = Debug|Any CPU
		{FFCBA926-2B57-4DCA-B43B-F72ACBA79CB9}.Ad-Hoc|iPhone.Build.0 = Debug|Any CPU
		{FFCBA926-2B57-4DCA-B43B-F72ACBA79CB9}.Ad-Hoc|iPhoneSimulator.ActiveCfg = Debug|Any CPU
		{FFCBA926-2B57-4DCA-B43B-F72ACBA79CB9}.Ad-Hoc|iPhoneSimulator.Build.0 = Debug|Any CPU
		{FFCBA926-2B57-4DCA-B43B-F72ACBA79CB9}.Ad-Hoc|x64.ActiveCfg = Debug|Any CPU
		{FFCBA926-2B57-4DCA-B43B-F72ACBA79CB9}.Ad-Hoc|x64.Build.0 = Debug|Any CPU
		{FFCBA926-2B57-4DCA-B43B-F72ACBA79CB9}.Ad-Hoc|x86.ActiveCfg = Debug|Any CPU
		{FFCBA926-2B57-4DCA-B43B-F72ACBA79CB9}.Ad-Hoc|x86.Build.0 = Debug|Any CPU
		{FFCBA926-2B57-4DCA-B43B-F72ACBA79CB9}.AppStore|Any CPU.ActiveCfg = Debug|Any CPU
		{FFCBA926-2B57-4DCA-B43B-F72ACBA79CB9}.AppStore|Any CPU.Build.0 = Debug|Any CPU
		{FFCBA926-2B57-4DCA-B43B-F72ACBA79CB9}.AppStore|ARM.ActiveCfg = Debug|Any CPU
		{FFCBA926-2B57-4DCA-B43B-F72ACBA79CB9}.AppStore|ARM.Build.0 = Debug|Any CPU
		{FFCBA926-2B57-4DCA-B43B-F72ACBA79CB9}.AppStore|iPhone.ActiveCfg = Debug|Any CPU
		{FFCBA926-2B57-4DCA-B43B-F72ACBA79CB9}.AppStore|iPhone.Build.0 = Debug|Any CPU
		{FFCBA926-2B57-4DCA-B43B-F72ACBA79CB9}.AppStore|iPhoneSimulator.ActiveCfg = Debug|Any CPU
		{FFCBA926-2B57-4DCA-B43B-F72ACBA79CB9}.AppStore|iPhoneSimulator.Build.0 = Debug|Any CPU
		{FFCBA926-2B57-4DCA-B43B-F72ACBA79CB9}.AppStore|x64.ActiveCfg = Debug|Any CPU
		{FFCBA926-2B57-4DCA-B43B-F72ACBA79CB9}.AppStore|x64.Build.0 = Debug|Any CPU
		{FFCBA926-2B57-4DCA-B43B-F72ACBA79CB9}.AppStore|x86.ActiveCfg = Debug|Any CPU
		{FFCBA926-2B57-4DCA-B43B-F72ACBA79CB9}.AppStore|x86.Build.0 = Debug|Any CPU
		{FFCBA926-2B57-4DCA-B43B-F72ACBA79CB9}.Debug|Any CPU.ActiveCfg = Debug|Any CPU
		{FFCBA926-2B57-4DCA-B43B-F72ACBA79CB9}.Debug|Any CPU.Build.0 = Debug|Any CPU
		{FFCBA926-2B57-4DCA-B43B-F72ACBA79CB9}.Debug|ARM.ActiveCfg = Debug|Any CPU
		{FFCBA926-2B57-4DCA-B43B-F72ACBA79CB9}.Debug|ARM.Build.0 = Debug|Any CPU
		{FFCBA926-2B57-4DCA-B43B-F72ACBA79CB9}.Debug|iPhone.ActiveCfg = Debug|Any CPU
		{FFCBA926-2B57-4DCA-B43B-F72ACBA79CB9}.Debug|iPhone.Build.0 = Debug|Any CPU
		{FFCBA926-2B57-4DCA-B43B-F72ACBA79CB9}.Debug|iPhoneSimulator.ActiveCfg = Debug|Any CPU
		{FFCBA926-2B57-4DCA-B43B-F72ACBA79CB9}.Debug|iPhoneSimulator.Build.0 = Debug|Any CPU
		{FFCBA926-2B57-4DCA-B43B-F72ACBA79CB9}.Debug|x64.ActiveCfg = Debug|Any CPU
		{FFCBA926-2B57-4DCA-B43B-F72ACBA79CB9}.Debug|x64.Build.0 = Debug|Any CPU
		{FFCBA926-2B57-4DCA-B43B-F72ACBA79CB9}.Debug|x86.ActiveCfg = Debug|Any CPU
		{FFCBA926-2B57-4DCA-B43B-F72ACBA79CB9}.Debug|x86.Build.0 = Debug|Any CPU
		{FFCBA926-2B57-4DCA-B43B-F72ACBA79CB9}.Release|Any CPU.ActiveCfg = Release|Any CPU
		{FFCBA926-2B57-4DCA-B43B-F72ACBA79CB9}.Release|Any CPU.Build.0 = Release|Any CPU
		{FFCBA926-2B57-4DCA-B43B-F72ACBA79CB9}.Release|ARM.ActiveCfg = Release|Any CPU
		{FFCBA926-2B57-4DCA-B43B-F72ACBA79CB9}.Release|ARM.Build.0 = Release|Any CPU
		{FFCBA926-2B57-4DCA-B43B-F72ACBA79CB9}.Release|iPhone.ActiveCfg = Release|Any CPU
		{FFCBA926-2B57-4DCA-B43B-F72ACBA79CB9}.Release|iPhone.Build.0 = Release|Any CPU
		{FFCBA926-2B57-4DCA-B43B-F72ACBA79CB9}.Release|iPhoneSimulator.ActiveCfg = Release|Any CPU
		{FFCBA926-2B57-4DCA-B43B-F72ACBA79CB9}.Release|iPhoneSimulator.Build.0 = Release|Any CPU
		{FFCBA926-2B57-4DCA-B43B-F72ACBA79CB9}.Release|x64.ActiveCfg = Release|Any CPU
		{FFCBA926-2B57-4DCA-B43B-F72ACBA79CB9}.Release|x64.Build.0 = Release|Any CPU
		{FFCBA926-2B57-4DCA-B43B-F72ACBA79CB9}.Release|x86.ActiveCfg = Release|Any CPU
		{FFCBA926-2B57-4DCA-B43B-F72ACBA79CB9}.Release|x86.Build.0 = Release|Any CPU
		{5B3139B9-547B-4182-BAEA-B28D032B5A01}.Ad-Hoc|Any CPU.ActiveCfg = Debug|Any CPU
		{5B3139B9-547B-4182-BAEA-B28D032B5A01}.Ad-Hoc|Any CPU.Build.0 = Debug|Any CPU
		{5B3139B9-547B-4182-BAEA-B28D032B5A01}.Ad-Hoc|ARM.ActiveCfg = Debug|Any CPU
		{5B3139B9-547B-4182-BAEA-B28D032B5A01}.Ad-Hoc|ARM.Build.0 = Debug|Any CPU
		{5B3139B9-547B-4182-BAEA-B28D032B5A01}.Ad-Hoc|iPhone.ActiveCfg = Debug|Any CPU
		{5B3139B9-547B-4182-BAEA-B28D032B5A01}.Ad-Hoc|iPhone.Build.0 = Debug|Any CPU
		{5B3139B9-547B-4182-BAEA-B28D032B5A01}.Ad-Hoc|iPhoneSimulator.ActiveCfg = Debug|Any CPU
		{5B3139B9-547B-4182-BAEA-B28D032B5A01}.Ad-Hoc|iPhoneSimulator.Build.0 = Debug|Any CPU
		{5B3139B9-547B-4182-BAEA-B28D032B5A01}.Ad-Hoc|x64.ActiveCfg = Debug|Any CPU
		{5B3139B9-547B-4182-BAEA-B28D032B5A01}.Ad-Hoc|x64.Build.0 = Debug|Any CPU
		{5B3139B9-547B-4182-BAEA-B28D032B5A01}.Ad-Hoc|x86.ActiveCfg = Debug|Any CPU
		{5B3139B9-547B-4182-BAEA-B28D032B5A01}.Ad-Hoc|x86.Build.0 = Debug|Any CPU
		{5B3139B9-547B-4182-BAEA-B28D032B5A01}.AppStore|Any CPU.ActiveCfg = Debug|Any CPU
		{5B3139B9-547B-4182-BAEA-B28D032B5A01}.AppStore|Any CPU.Build.0 = Debug|Any CPU
		{5B3139B9-547B-4182-BAEA-B28D032B5A01}.AppStore|ARM.ActiveCfg = Debug|Any CPU
		{5B3139B9-547B-4182-BAEA-B28D032B5A01}.AppStore|ARM.Build.0 = Debug|Any CPU
		{5B3139B9-547B-4182-BAEA-B28D032B5A01}.AppStore|iPhone.ActiveCfg = Debug|Any CPU
		{5B3139B9-547B-4182-BAEA-B28D032B5A01}.AppStore|iPhone.Build.0 = Debug|Any CPU
		{5B3139B9-547B-4182-BAEA-B28D032B5A01}.AppStore|iPhoneSimulator.ActiveCfg = Debug|Any CPU
		{5B3139B9-547B-4182-BAEA-B28D032B5A01}.AppStore|iPhoneSimulator.Build.0 = Debug|Any CPU
		{5B3139B9-547B-4182-BAEA-B28D032B5A01}.AppStore|x64.ActiveCfg = Debug|Any CPU
		{5B3139B9-547B-4182-BAEA-B28D032B5A01}.AppStore|x64.Build.0 = Debug|Any CPU
		{5B3139B9-547B-4182-BAEA-B28D032B5A01}.AppStore|x86.ActiveCfg = Debug|Any CPU
		{5B3139B9-547B-4182-BAEA-B28D032B5A01}.AppStore|x86.Build.0 = Debug|Any CPU
		{5B3139B9-547B-4182-BAEA-B28D032B5A01}.Debug|Any CPU.ActiveCfg = Debug|Any CPU
		{5B3139B9-547B-4182-BAEA-B28D032B5A01}.Debug|Any CPU.Build.0 = Debug|Any CPU
		{5B3139B9-547B-4182-BAEA-B28D032B5A01}.Debug|ARM.ActiveCfg = Debug|Any CPU
		{5B3139B9-547B-4182-BAEA-B28D032B5A01}.Debug|ARM.Build.0 = Debug|Any CPU
		{5B3139B9-547B-4182-BAEA-B28D032B5A01}.Debug|iPhone.ActiveCfg = Debug|Any CPU
		{5B3139B9-547B-4182-BAEA-B28D032B5A01}.Debug|iPhone.Build.0 = Debug|Any CPU
		{5B3139B9-547B-4182-BAEA-B28D032B5A01}.Debug|iPhoneSimulator.ActiveCfg = Debug|Any CPU
		{5B3139B9-547B-4182-BAEA-B28D032B5A01}.Debug|iPhoneSimulator.Build.0 = Debug|Any CPU
		{5B3139B9-547B-4182-BAEA-B28D032B5A01}.Debug|x64.ActiveCfg = Debug|Any CPU
		{5B3139B9-547B-4182-BAEA-B28D032B5A01}.Debug|x64.Build.0 = Debug|Any CPU
		{5B3139B9-547B-4182-BAEA-B28D032B5A01}.Debug|x86.ActiveCfg = Debug|Any CPU
		{5B3139B9-547B-4182-BAEA-B28D032B5A01}.Debug|x86.Build.0 = Debug|Any CPU
		{5B3139B9-547B-4182-BAEA-B28D032B5A01}.Release|Any CPU.ActiveCfg = Release|Any CPU
		{5B3139B9-547B-4182-BAEA-B28D032B5A01}.Release|Any CPU.Build.0 = Release|Any CPU
		{5B3139B9-547B-4182-BAEA-B28D032B5A01}.Release|ARM.ActiveCfg = Release|Any CPU
		{5B3139B9-547B-4182-BAEA-B28D032B5A01}.Release|ARM.Build.0 = Release|Any CPU
		{5B3139B9-547B-4182-BAEA-B28D032B5A01}.Release|iPhone.ActiveCfg = Release|Any CPU
		{5B3139B9-547B-4182-BAEA-B28D032B5A01}.Release|iPhone.Build.0 = Release|Any CPU
		{5B3139B9-547B-4182-BAEA-B28D032B5A01}.Release|iPhoneSimulator.ActiveCfg = Release|Any CPU
		{5B3139B9-547B-4182-BAEA-B28D032B5A01}.Release|iPhoneSimulator.Build.0 = Release|Any CPU
		{5B3139B9-547B-4182-BAEA-B28D032B5A01}.Release|x64.ActiveCfg = Release|Any CPU
		{5B3139B9-547B-4182-BAEA-B28D032B5A01}.Release|x64.Build.0 = Release|Any CPU
		{5B3139B9-547B-4182-BAEA-B28D032B5A01}.Release|x86.ActiveCfg = Release|Any CPU
		{5B3139B9-547B-4182-BAEA-B28D032B5A01}.Release|x86.Build.0 = Release|Any CPU
	EndGlobalSection
	GlobalSection(SolutionProperties) = preSolution
		HideSolutionNode = FALSE
	EndGlobalSection
	GlobalSection(NestedProjects) = preSolution
		{43064BED-2D2F-447E-A8E1-2420E05BC712} = {2899FC97-391A-4309-AE53-5D68D197DD50}
		{772A1267-4AD4-420F-8BF1-7168353A7133} = {2899FC97-391A-4309-AE53-5D68D197DD50}
		{F1B0D51C-D93F-49C5-84F6-0218E4EB9F39} = {2899FC97-391A-4309-AE53-5D68D197DD50}
		{86947FC5-3FA7-459E-8964-3A5D7C8F015C} = {247C06F3-CDE6-452D-98D3-9F98E355319B}
		{876BFEE4-FD65-44EE-89E2-DF60AB29D5BB} = {DBEE3955-66F1-4C05-970B-723306FE9065}
		{FFCBA926-2B57-4DCA-B43B-F72ACBA79CB9} = {DB88B745-A014-48FA-938C-D05F6DE09B4C}
		{5B3139B9-547B-4182-BAEA-B28D032B5A01} = {1AF866A8-6251-405A-9882-F7AA0799A21F}
	EndGlobalSection
	GlobalSection(ExtensibilityGlobals) = postSolution
		SolutionGuid = {F6D05029-56B8-4E45-AF2D-0E76295DDBA2}
	EndGlobalSection
EndGlobal
