
Microsoft Visual Studio Solution File, Format Version 12.00
# Visual Studio 15
VisualStudioVersion = 15.0.26730.10
MinimumVisualStudioVersion = 10.0.40219.1

Project("{6EC3EE1D-3C4E-46DD-8F32-0CC8E7565705}") = "Sprightly", "Sprightly\Sprightly.fsproj", "{EF1F8C70-A460-41E4-96A6-4C1695EBE99E}"
EndProject





Project("{F2A71F9B-5D33-465A-A702-920D77279786}") = "Sprightly.WPF", "Sprightly.WPF\Sprightly.WPF.fsproj", "{09DB065E-1FB9-4634-9342-41C03CF670F1}"
EndProject


Global
	GlobalSection(SolutionConfigurationPlatforms) = preSolution
		Ad-Hoc|Any CPU = Ad-Hoc|Any CPU
		Ad-Hoc|ARM = Ad-Hoc|ARM
		Ad-Hoc|iPhone = Ad-Hoc|iPhone
		Ad-Hoc|iPhoneSimulator = Ad-Hoc|iPhoneSimulator
		Ad-Hoc|x64 = Ad-Hoc|x64
		Ad-Hoc|x86 = Ad-Hoc|x86
		AppStore|Any CPU = AppStore|Any CPU
		AppStore|ARM = AppStore|ARM
		AppStore|iPhone = AppStore|iPhone
		AppStore|iPhoneSimulator = AppStore|iPhoneSimulator
		AppStore|x64 = AppStore|x64
		AppStore|x86 = AppStore|x86
		Debug|Any CPU = Debug|Any CPU
		Debug|ARM = Debug|ARM
		Debug|iPhone = Debug|iPhone
		Debug|iPhoneSimulator = Debug|iPhoneSimulator
		Debug|x64 = Debug|x64
		Debug|x86 = Debug|x86
		Release|Any CPU = Release|Any CPU
		Release|ARM = Release|ARM
		Release|iPhone = Release|iPhone
		Release|iPhoneSimulator = Release|iPhoneSimulator
		Release|x64 = Release|x64
		Release|x86 = Release|x86
	EndGlobalSection
	GlobalSection(ProjectConfigurationPlatforms) = postSolution
		{EF1F8C70-A460-41E4-96A6-4C1695EBE99E}.Ad-Hoc|Any CPU.ActiveCfg = Debug|Any CPU
		{EF1F8C70-A460-41E4-96A6-4C1695EBE99E}.Ad-Hoc|Any CPU.Build.0 = Debug|Any CPU
		{EF1F8C70-A460-41E4-96A6-4C1695EBE99E}.Ad-Hoc|ARM.ActiveCfg = Debug|Any CPU
		{EF1F8C70-A460-41E4-96A6-4C1695EBE99E}.Ad-Hoc|ARM.Build.0 = Debug|Any CPU
		{EF1F8C70-A460-41E4-96A6-4C1695EBE99E}.Ad-Hoc|iPhone.ActiveCfg = Debug|Any CPU
		{EF1F8C70-A460-41E4-96A6-4C1695EBE99E}.Ad-Hoc|iPhone.Build.0 = Debug|Any CPU
		{EF1F8C70-A460-41E4-96A6-4C1695EBE99E}.Ad-Hoc|iPhoneSimulator.ActiveCfg = Debug|Any CPU
		{EF1F8C70-A460-41E4-96A6-4C1695EBE99E}.Ad-Hoc|iPhoneSimulator.Build.0 = Debug|Any CPU
		{EF1F8C70-A460-41E4-96A6-4C1695EBE99E}.Ad-Hoc|x64.ActiveCfg = Debug|Any CPU
		{EF1F8C70-A460-41E4-96A6-4C1695EBE99E}.Ad-Hoc|x64.Build.0 = Debug|Any CPU
		{EF1F8C70-A460-41E4-96A6-4C1695EBE99E}.Ad-Hoc|x86.ActiveCfg = Debug|Any CPU
		{EF1F8C70-A460-41E4-96A6-4C1695EBE99E}.Ad-Hoc|x86.Build.0 = Debug|Any CPU
		{EF1F8C70-A460-41E4-96A6-4C1695EBE99E}.AppStore|Any CPU.ActiveCfg = Debug|Any CPU
		{EF1F8C70-A460-41E4-96A6-4C1695EBE99E}.AppStore|Any CPU.Build.0 = Debug|Any CPU
		{EF1F8C70-A460-41E4-96A6-4C1695EBE99E}.AppStore|ARM.ActiveCfg = Debug|Any CPU
		{EF1F8C70-A460-41E4-96A6-4C1695EBE99E}.AppStore|ARM.Build.0 = Debug|Any CPU
		{EF1F8C70-A460-41E4-96A6-4C1695EBE99E}.AppStore|iPhone.ActiveCfg = Debug|Any CPU
		{EF1F8C70-A460-41E4-96A6-4C1695EBE99E}.AppStore|iPhone.Build.0 = Debug|Any CPU
		{EF1F8C70-A460-41E4-96A6-4C1695EBE99E}.AppStore|iPhoneSimulator.ActiveCfg = Debug|Any CPU
		{EF1F8C70-A460-41E4-96A6-4C1695EBE99E}.AppStore|iPhoneSimulator.Build.0 = Debug|Any CPU
		{EF1F8C70-A460-41E4-96A6-4C1695EBE99E}.AppStore|x64.ActiveCfg = Debug|Any CPU
		{EF1F8C70-A460-41E4-96A6-4C1695EBE99E}.AppStore|x64.Build.0 = Debug|Any CPU
		{EF1F8C70-A460-41E4-96A6-4C1695EBE99E}.AppStore|x86.ActiveCfg = Debug|Any CPU
		{EF1F8C70-A460-41E4-96A6-4C1695EBE99E}.AppStore|x86.Build.0 = Debug|Any CPU
		{EF1F8C70-A460-41E4-96A6-4C1695EBE99E}.Debug|Any CPU.ActiveCfg = Debug|Any CPU
		{EF1F8C70-A460-41E4-96A6-4C1695EBE99E}.Debug|Any CPU.Build.0 = Debug|Any CPU
		{EF1F8C70-A460-41E4-96A6-4C1695EBE99E}.Debug|ARM.ActiveCfg = Debug|Any CPU
		{EF1F8C70-A460-41E4-96A6-4C1695EBE99E}.Debug|ARM.Build.0 = Debug|Any CPU
		{EF1F8C70-A460-41E4-96A6-4C1695EBE99E}.Debug|iPhone.ActiveCfg = Debug|Any CPU
		{EF1F8C70-A460-41E4-96A6-4C1695EBE99E}.Debug|iPhone.Build.0 = Debug|Any CPU
		{EF1F8C70-A460-41E4-96A6-4C1695EBE99E}.Debug|iPhoneSimulator.ActiveCfg = Debug|Any CPU
		{EF1F8C70-A460-41E4-96A6-4C1695EBE99E}.Debug|iPhoneSimulator.Build.0 = Debug|Any CPU
		{EF1F8C70-A460-41E4-96A6-4C1695EBE99E}.Debug|x64.ActiveCfg = Debug|Any CPU
		{EF1F8C70-A460-41E4-96A6-4C1695EBE99E}.Debug|x64.Build.0 = Debug|Any CPU
		{EF1F8C70-A460-41E4-96A6-4C1695EBE99E}.Debug|x86.ActiveCfg = Debug|Any CPU
		{EF1F8C70-A460-41E4-96A6-4C1695EBE99E}.Debug|x86.Build.0 = Debug|Any CPU
		{EF1F8C70-A460-41E4-96A6-4C1695EBE99E}.Release|Any CPU.ActiveCfg = Release|Any CPU
		{EF1F8C70-A460-41E4-96A6-4C1695EBE99E}.Release|Any CPU.Build.0 = Release|Any CPU
		{EF1F8C70-A460-41E4-96A6-4C1695EBE99E}.Release|ARM.ActiveCfg = Release|Any CPU
		{EF1F8C70-A460-41E4-96A6-4C1695EBE99E}.Release|ARM.Build.0 = Release|Any CPU
		{EF1F8C70-A460-41E4-96A6-4C1695EBE99E}.Release|iPhone.ActiveCfg = Release|Any CPU
		{EF1F8C70-A460-41E4-96A6-4C1695EBE99E}.Release|iPhone.Build.0 = Release|Any CPU
		{EF1F8C70-A460-41E4-96A6-4C1695EBE99E}.Release|iPhoneSimulator.ActiveCfg = Release|Any CPU
		{EF1F8C70-A460-41E4-96A6-4C1695EBE99E}.Release|iPhoneSimulator.Build.0 = Release|Any CPU
		{EF1F8C70-A460-41E4-96A6-4C1695EBE99E}.Release|x64.ActiveCfg = Release|Any CPU
		{EF1F8C70-A460-41E4-96A6-4C1695EBE99E}.Release|x64.Build.0 = Release|Any CPU
		{EF1F8C70-A460-41E4-96A6-4C1695EBE99E}.Release|x86.ActiveCfg = Release|Any CPU
		{EF1F8C70-A460-41E4-96A6-4C1695EBE99E}.Release|x86.Build.0 = Release|Any CPU
		{A151B7FA-A001-4B1F-BE09-E9282F3AFC7C}.Ad-Hoc|Any CPU.ActiveCfg = Ad-Hoc|iPhone
		{A151B7FA-A001-4B1F-BE09-E9282F3AFC7C}.Ad-Hoc|ARM.ActiveCfg = Ad-Hoc|iPhone
		{A151B7FA-A001-4B1F-BE09-E9282F3AFC7C}.Ad-Hoc|iPhone.ActiveCfg = Ad-Hoc|iPhone
		{A151B7FA-A001-4B1F-BE09-E9282F3AFC7C}.Ad-Hoc|iPhone.Build.0 = Ad-Hoc|iPhone
		{A151B7FA-A001-4B1F-BE09-E9282F3AFC7C}.Ad-Hoc|iPhoneSimulator.ActiveCfg = Ad-Hoc|iPhoneSimulator
		{A151B7FA-A001-4B1F-BE09-E9282F3AFC7C}.Ad-Hoc|iPhoneSimulator.Build.0 = Ad-Hoc|iPhoneSimulator
		{A151B7FA-A001-4B1F-BE09-E9282F3AFC7C}.Ad-Hoc|x64.ActiveCfg = Ad-Hoc|iPhone
		{A151B7FA-A001-4B1F-BE09-E9282F3AFC7C}.Ad-Hoc|x86.ActiveCfg = Ad-Hoc|iPhone
		{A151B7FA-A001-4B1F-BE09-E9282F3AFC7C}.AppStore|Any CPU.ActiveCfg = AppStore|iPhone
		{A151B7FA-A001-4B1F-BE09-E9282F3AFC7C}.AppStore|ARM.ActiveCfg = AppStore|iPhone
		{A151B7FA-A001-4B1F-BE09-E9282F3AFC7C}.AppStore|iPhone.ActiveCfg = AppStore|iPhone
		{A151B7FA-A001-4B1F-BE09-E9282F3AFC7C}.AppStore|iPhone.Build.0 = AppStore|iPhone
		{A151B7FA-A001-4B1F-BE09-E9282F3AFC7C}.AppStore|iPhoneSimulator.ActiveCfg = AppStore|iPhoneSimulator
		{A151B7FA-A001-4B1F-BE09-E9282F3AFC7C}.AppStore|iPhoneSimulator.Build.0 = AppStore|iPhoneSimulator
		{A151B7FA-A001-4B1F-BE09-E9282F3AFC7C}.AppStore|x64.ActiveCfg = AppStore|iPhone
		{A151B7FA-A001-4B1F-BE09-E9282F3AFC7C}.AppStore|x86.ActiveCfg = AppStore|iPhone
		{A151B7FA-A001-4B1F-BE09-E9282F3AFC7C}.Debug|Any CPU.ActiveCfg = Debug|iPhone
		{A151B7FA-A001-4B1F-BE09-E9282F3AFC7C}.Debug|ARM.ActiveCfg = Debug|iPhone
		{A151B7FA-A001-4B1F-BE09-E9282F3AFC7C}.Debug|iPhone.ActiveCfg = Debug|iPhone
		{A151B7FA-A001-4B1F-BE09-E9282F3AFC7C}.Debug|iPhone.Build.0 = Debug|iPhone
		{A151B7FA-A001-4B1F-BE09-E9282F3AFC7C}.Debug|iPhoneSimulator.ActiveCfg = Debug|iPhoneSimulator
		{A151B7FA-A001-4B1F-BE09-E9282F3AFC7C}.Debug|iPhoneSimulator.Build.0 = Debug|iPhoneSimulator
		{A151B7FA-A001-4B1F-BE09-E9282F3AFC7C}.Debug|x64.ActiveCfg = Debug|iPhone
		{A151B7FA-A001-4B1F-BE09-E9282F3AFC7C}.Debug|x86.ActiveCfg = Debug|iPhone
		{A151B7FA-A001-4B1F-BE09-E9282F3AFC7C}.Release|Any CPU.ActiveCfg = Release|iPhone
		{A151B7FA-A001-4B1F-BE09-E9282F3AFC7C}.Release|ARM.ActiveCfg = Release|iPhone
		{A151B7FA-A001-4B1F-BE09-E9282F3AFC7C}.Release|iPhone.ActiveCfg = Release|iPhone
		{A151B7FA-A001-4B1F-BE09-E9282F3AFC7C}.Release|iPhone.Build.0 = Release|iPhone
		{A151B7FA-A001-4B1F-BE09-E9282F3AFC7C}.Release|iPhoneSimulator.ActiveCfg = Release|iPhoneSimulator
		{A151B7FA-A001-4B1F-BE09-E9282F3AFC7C}.Release|iPhoneSimulator.Build.0 = Release|iPhoneSimulator
		{A151B7FA-A001-4B1F-BE09-E9282F3AFC7C}.Release|x64.ActiveCfg = Release|iPhone
		{A151B7FA-A001-4B1F-BE09-E9282F3AFC7C}.Release|x86.ActiveCfg = Release|iPhone
		{700982B0-2AF5-4EFF-AE1A-6CB0CE6F065E}.Ad-Hoc|Any CPU.ActiveCfg = Release|x86
		{700982B0-2AF5-4EFF-AE1A-6CB0CE6F065E}.Ad-Hoc|Any CPU.Build.0 = Release|x86
		{700982B0-2AF5-4EFF-AE1A-6CB0CE6F065E}.Ad-Hoc|Any CPU.Deploy.0 = Release|x86
		{700982B0-2AF5-4EFF-AE1A-6CB0CE6F065E}.Ad-Hoc|ARM.ActiveCfg = Release|ARM
		{700982B0-2AF5-4EFF-AE1A-6CB0CE6F065E}.Ad-Hoc|ARM.Build.0 = Release|ARM
		{700982B0-2AF5-4EFF-AE1A-6CB0CE6F065E}.Ad-Hoc|ARM.Deploy.0 = Release|ARM
		{700982B0-2AF5-4EFF-AE1A-6CB0CE6F065E}.Ad-Hoc|iPhone.ActiveCfg = Release|x86
		{700982B0-2AF5-4EFF-AE1A-6CB0CE6F065E}.Ad-Hoc|iPhone.Build.0 = Release|x86
		{700982B0-2AF5-4EFF-AE1A-6CB0CE6F065E}.Ad-Hoc|iPhone.Deploy.0 = Release|x86
		{700982B0-2AF5-4EFF-AE1A-6CB0CE6F065E}.Ad-Hoc|iPhoneSimulator.ActiveCfg = Release|x86
		{700982B0-2AF5-4EFF-AE1A-6CB0CE6F065E}.Ad-Hoc|iPhoneSimulator.Build.0 = Release|x86
		{700982B0-2AF5-4EFF-AE1A-6CB0CE6F065E}.Ad-Hoc|iPhoneSimulator.Deploy.0 = Release|x86
		{700982B0-2AF5-4EFF-AE1A-6CB0CE6F065E}.Ad-Hoc|x64.ActiveCfg = Release|x64
		{700982B0-2AF5-4EFF-AE1A-6CB0CE6F065E}.Ad-Hoc|x64.Build.0 = Release|x64
		{700982B0-2AF5-4EFF-AE1A-6CB0CE6F065E}.Ad-Hoc|x64.Deploy.0 = Release|x64
		{700982B0-2AF5-4EFF-AE1A-6CB0CE6F065E}.Ad-Hoc|x86.ActiveCfg = Release|x86
		{700982B0-2AF5-4EFF-AE1A-6CB0CE6F065E}.Ad-Hoc|x86.Build.0 = Release|x86
		{700982B0-2AF5-4EFF-AE1A-6CB0CE6F065E}.Ad-Hoc|x86.Deploy.0 = Release|x86
		{700982B0-2AF5-4EFF-AE1A-6CB0CE6F065E}.AppStore|Any CPU.ActiveCfg = Release|x86
		{700982B0-2AF5-4EFF-AE1A-6CB0CE6F065E}.AppStore|Any CPU.Build.0 = Release|x86
		{700982B0-2AF5-4EFF-AE1A-6CB0CE6F065E}.AppStore|Any CPU.Deploy.0 = Release|x86
		{700982B0-2AF5-4EFF-AE1A-6CB0CE6F065E}.AppStore|ARM.ActiveCfg = Release|ARM
		{700982B0-2AF5-4EFF-AE1A-6CB0CE6F065E}.AppStore|ARM.Build.0 = Release|ARM
		{700982B0-2AF5-4EFF-AE1A-6CB0CE6F065E}.AppStore|ARM.Deploy.0 = Release|ARM
		{700982B0-2AF5-4EFF-AE1A-6CB0CE6F065E}.AppStore|iPhone.ActiveCfg = Release|x86
		{700982B0-2AF5-4EFF-AE1A-6CB0CE6F065E}.AppStore|iPhone.Build.0 = Release|x86
		{700982B0-2AF5-4EFF-AE1A-6CB0CE6F065E}.AppStore|iPhone.Deploy.0 = Release|x86
		{700982B0-2AF5-4EFF-AE1A-6CB0CE6F065E}.AppStore|iPhoneSimulator.ActiveCfg = Release|x86
		{700982B0-2AF5-4EFF-AE1A-6CB0CE6F065E}.AppStore|iPhoneSimulator.Build.0 = Release|x86
		{700982B0-2AF5-4EFF-AE1A-6CB0CE6F065E}.AppStore|iPhoneSimulator.Deploy.0 = Release|x86
		{700982B0-2AF5-4EFF-AE1A-6CB0CE6F065E}.AppStore|x64.ActiveCfg = Release|x64
		{700982B0-2AF5-4EFF-AE1A-6CB0CE6F065E}.AppStore|x64.Build.0 = Release|x64
		{700982B0-2AF5-4EFF-AE1A-6CB0CE6F065E}.AppStore|x64.Deploy.0 = Release|x64
		{700982B0-2AF5-4EFF-AE1A-6CB0CE6F065E}.AppStore|x86.ActiveCfg = Release|x86
		{700982B0-2AF5-4EFF-AE1A-6CB0CE6F065E}.AppStore|x86.Build.0 = Release|x86
		{700982B0-2AF5-4EFF-AE1A-6CB0CE6F065E}.AppStore|x86.Deploy.0 = Release|x86
		{700982B0-2AF5-4EFF-AE1A-6CB0CE6F065E}.Debug|Any CPU.ActiveCfg = Debug|x86
		{700982B0-2AF5-4EFF-AE1A-6CB0CE6F065E}.Debug|ARM.ActiveCfg = Debug|ARM
		{700982B0-2AF5-4EFF-AE1A-6CB0CE6F065E}.Debug|ARM.Build.0 = Debug|ARM
		{700982B0-2AF5-4EFF-AE1A-6CB0CE6F065E}.Debug|ARM.Deploy.0 = Debug|ARM
		{700982B0-2AF5-4EFF-AE1A-6CB0CE6F065E}.Debug|iPhone.ActiveCfg = Debug|x86
		{700982B0-2AF5-4EFF-AE1A-6CB0CE6F065E}.Debug|iPhoneSimulator.ActiveCfg = Debug|x86
		{700982B0-2AF5-4EFF-AE1A-6CB0CE6F065E}.Debug|x64.ActiveCfg = Debug|x64
		{700982B0-2AF5-4EFF-AE1A-6CB0CE6F065E}.Debug|x64.Build.0 = Debug|x64
		{700982B0-2AF5-4EFF-AE1A-6CB0CE6F065E}.Debug|x64.Deploy.0 = Debug|x64
		{700982B0-2AF5-4EFF-AE1A-6CB0CE6F065E}.Debug|x86.ActiveCfg = Debug|x86
		{700982B0-2AF5-4EFF-AE1A-6CB0CE6F065E}.Debug|x86.Build.0 = Debug|x86
		{700982B0-2AF5-4EFF-AE1A-6CB0CE6F065E}.Debug|x86.Deploy.0 = Debug|x86
		{700982B0-2AF5-4EFF-AE1A-6CB0CE6F065E}.Release|Any CPU.ActiveCfg = Release|x86
		{700982B0-2AF5-4EFF-AE1A-6CB0CE6F065E}.Release|ARM.ActiveCfg = Release|ARM
		{700982B0-2AF5-4EFF-AE1A-6CB0CE6F065E}.Release|ARM.Build.0 = Release|ARM
		{700982B0-2AF5-4EFF-AE1A-6CB0CE6F065E}.Release|ARM.Deploy.0 = Release|ARM
		{700982B0-2AF5-4EFF-AE1A-6CB0CE6F065E}.Release|iPhone.ActiveCfg = Release|x86
		{700982B0-2AF5-4EFF-AE1A-6CB0CE6F065E}.Release|iPhoneSimulator.ActiveCfg = Release|x86
		{700982B0-2AF5-4EFF-AE1A-6CB0CE6F065E}.Release|x64.ActiveCfg = Release|x64
		{700982B0-2AF5-4EFF-AE1A-6CB0CE6F065E}.Release|x64.Build.0 = Release|x64
		{700982B0-2AF5-4EFF-AE1A-6CB0CE6F065E}.Release|x64.Deploy.0 = Release|x64
		{700982B0-2AF5-4EFF-AE1A-6CB0CE6F065E}.Release|x86.ActiveCfg = Release|x86
		{700982B0-2AF5-4EFF-AE1A-6CB0CE6F065E}.Release|x86.Build.0 = Release|x86
		{700982B0-2AF5-4EFF-AE1A-6CB0CE6F065E}.Release|x86.Deploy.0 = Release|x86
		{5BC5B752-EF6D-4626-A465-86659BF41A28}.Ad-Hoc|Any CPU.ActiveCfg = Release|Any CPU
		{5BC5B752-EF6D-4626-A465-86659BF41A28}.Ad-Hoc|Any CPU.Build.0 = Release|Any CPU
		{5BC5B752-EF6D-4626-A465-86659BF41A28}.Ad-Hoc|ARM.ActiveCfg = Release|Any CPU
		{5BC5B752-EF6D-4626-A465-86659BF41A28}.Ad-Hoc|ARM.Build.0 = Release|Any CPU
		{5BC5B752-EF6D-4626-A465-86659BF41A28}.Ad-Hoc|iPhone.ActiveCfg = Release|Any CPU
		{5BC5B752-EF6D-4626-A465-86659BF41A28}.Ad-Hoc|iPhone.Build.0 = Release|Any CPU
		{5BC5B752-EF6D-4626-A465-86659BF41A28}.Ad-Hoc|iPhoneSimulator.ActiveCfg = Release|Any CPU
		{5BC5B752-EF6D-4626-A465-86659BF41A28}.Ad-Hoc|iPhoneSimulator.Build.0 = Release|Any CPU
		{5BC5B752-EF6D-4626-A465-86659BF41A28}.Ad-Hoc|x64.ActiveCfg = Release|Any CPU
		{5BC5B752-EF6D-4626-A465-86659BF41A28}.Ad-Hoc|x64.Build.0 = Release|Any CPU
		{5BC5B752-EF6D-4626-A465-86659BF41A28}.Ad-Hoc|x86.ActiveCfg = Release|Any CPU
		{5BC5B752-EF6D-4626-A465-86659BF41A28}.Ad-Hoc|x86.Build.0 = Release|Any CPU
		{5BC5B752-EF6D-4626-A465-86659BF41A28}.AppStore|Any CPU.ActiveCfg = Release|Any CPU
		{5BC5B752-EF6D-4626-A465-86659BF41A28}.AppStore|Any CPU.Build.0 = Release|Any CPU
		{5BC5B752-EF6D-4626-A465-86659BF41A28}.AppStore|ARM.ActiveCfg = Release|Any CPU
		{5BC5B752-EF6D-4626-A465-86659BF41A28}.AppStore|ARM.Build.0 = Release|Any CPU
		{5BC5B752-EF6D-4626-A465-86659BF41A28}.AppStore|iPhone.ActiveCfg = Release|Any CPU
		{5BC5B752-EF6D-4626-A465-86659BF41A28}.AppStore|iPhone.Build.0 = Release|Any CPU
		{5BC5B752-EF6D-4626-A465-86659BF41A28}.AppStore|iPhoneSimulator.ActiveCfg = Release|Any CPU
		{5BC5B752-EF6D-4626-A465-86659BF41A28}.AppStore|iPhoneSimulator.Build.0 = Release|Any CPU
		{5BC5B752-EF6D-4626-A465-86659BF41A28}.AppStore|x64.ActiveCfg = Release|Any CPU
		{5BC5B752-EF6D-4626-A465-86659BF41A28}.AppStore|x64.Build.0 = Release|Any CPU
		{5BC5B752-EF6D-4626-A465-86659BF41A28}.AppStore|x86.ActiveCfg = Release|Any CPU
		{5BC5B752-EF6D-4626-A465-86659BF41A28}.AppStore|x86.Build.0 = Release|Any CPU
		{5BC5B752-EF6D-4626-A465-86659BF41A28}.Debug|Any CPU.ActiveCfg = Debug|Any CPU
		{5BC5B752-EF6D-4626-A465-86659BF41A28}.Debug|Any CPU.Build.0 = Debug|Any CPU
		{5BC5B752-EF6D-4626-A465-86659BF41A28}.Debug|ARM.ActiveCfg = Debug|Any CPU
		{5BC5B752-EF6D-4626-A465-86659BF41A28}.Debug|ARM.Build.0 = Debug|Any CPU
		{5BC5B752-EF6D-4626-A465-86659BF41A28}.Debug|iPhone.ActiveCfg = Debug|Any CPU
		{5BC5B752-EF6D-4626-A465-86659BF41A28}.Debug|iPhone.Build.0 = Debug|Any CPU
		{5BC5B752-EF6D-4626-A465-86659BF41A28}.Debug|iPhoneSimulator.ActiveCfg = Debug|Any CPU
		{5BC5B752-EF6D-4626-A465-86659BF41A28}.Debug|iPhoneSimulator.Build.0 = Debug|Any CPU
		{5BC5B752-EF6D-4626-A465-86659BF41A28}.Debug|x64.ActiveCfg = Debug|Any CPU
		{5BC5B752-EF6D-4626-A465-86659BF41A28}.Debug|x64.Build.0 = Debug|Any CPU
		{5BC5B752-EF6D-4626-A465-86659BF41A28}.Debug|x86.ActiveCfg = Debug|Any CPU
		{5BC5B752-EF6D-4626-A465-86659BF41A28}.Debug|x86.Build.0 = Debug|Any CPU
		{5BC5B752-EF6D-4626-A465-86659BF41A28}.Release|Any CPU.ActiveCfg = Release|Any CPU
		{5BC5B752-EF6D-4626-A465-86659BF41A28}.Release|Any CPU.Build.0 = Release|Any CPU
		{5BC5B752-EF6D-4626-A465-86659BF41A28}.Release|ARM.ActiveCfg = Release|Any CPU
		{5BC5B752-EF6D-4626-A465-86659BF41A28}.Release|ARM.Build.0 = Release|Any CPU
		{5BC5B752-EF6D-4626-A465-86659BF41A28}.Release|iPhone.ActiveCfg = Release|Any CPU
		{5BC5B752-EF6D-4626-A465-86659BF41A28}.Release|iPhone.Build.0 = Release|Any CPU
		{5BC5B752-EF6D-4626-A465-86659BF41A28}.Release|iPhoneSimulator.ActiveCfg = Release|Any CPU
		{5BC5B752-EF6D-4626-A465-86659BF41A28}.Release|iPhoneSimulator.Build.0 = Release|Any CPU
		{5BC5B752-EF6D-4626-A465-86659BF41A28}.Release|x64.ActiveCfg = Release|Any CPU
		{5BC5B752-EF6D-4626-A465-86659BF41A28}.Release|x64.Build.0 = Release|Any CPU
		{5BC5B752-EF6D-4626-A465-86659BF41A28}.Release|x86.ActiveCfg = Release|Any CPU
		{5BC5B752-EF6D-4626-A465-86659BF41A28}.Release|x86.Build.0 = Release|Any CPU
		{09DB065E-1FB9-4634-9342-41C03CF670F1}.Ad-Hoc|Any CPU.ActiveCfg = Release|Any CPU
		{09DB065E-1FB9-4634-9342-41C03CF670F1}.Ad-Hoc|Any CPU.Build.0 = Release|Any CPU
		{09DB065E-1FB9-4634-9342-41C03CF670F1}.Ad-Hoc|ARM.ActiveCfg = Release|Any CPU
		{09DB065E-1FB9-4634-9342-41C03CF670F1}.Ad-Hoc|ARM.Build.0 = Release|Any CPU
		{09DB065E-1FB9-4634-9342-41C03CF670F1}.Ad-Hoc|iPhone.ActiveCfg = Release|Any CPU
		{09DB065E-1FB9-4634-9342-41C03CF670F1}.Ad-Hoc|iPhone.Build.0 = Release|Any CPU
		{09DB065E-1FB9-4634-9342-41C03CF670F1}.Ad-Hoc|iPhoneSimulator.ActiveCfg = Release|Any CPU
		{09DB065E-1FB9-4634-9342-41C03CF670F1}.Ad-Hoc|iPhoneSimulator.Build.0 = Release|Any CPU
		{09DB065E-1FB9-4634-9342-41C03CF670F1}.Ad-Hoc|x64.ActiveCfg = Release|Any CPU
		{09DB065E-1FB9-4634-9342-41C03CF670F1}.Ad-Hoc|x64.Build.0 = Release|Any CPU
		{09DB065E-1FB9-4634-9342-41C03CF670F1}.Ad-Hoc|x86.ActiveCfg = Release|Any CPU
		{09DB065E-1FB9-4634-9342-41C03CF670F1}.Ad-Hoc|x86.Build.0 = Release|Any CPU
		{09DB065E-1FB9-4634-9342-41C03CF670F1}.AppStore|Any CPU.ActiveCfg = Release|Any CPU
		{09DB065E-1FB9-4634-9342-41C03CF670F1}.AppStore|Any CPU.Build.0 = Release|Any CPU
		{09DB065E-1FB9-4634-9342-41C03CF670F1}.AppStore|ARM.ActiveCfg = Release|Any CPU
		{09DB065E-1FB9-4634-9342-41C03CF670F1}.AppStore|ARM.Build.0 = Release|Any CPU
		{09DB065E-1FB9-4634-9342-41C03CF670F1}.AppStore|iPhone.ActiveCfg = Release|Any CPU
		{09DB065E-1FB9-4634-9342-41C03CF670F1}.AppStore|iPhone.Build.0 = Release|Any CPU
		{09DB065E-1FB9-4634-9342-41C03CF670F1}.AppStore|iPhoneSimulator.ActiveCfg = Release|Any CPU
		{09DB065E-1FB9-4634-9342-41C03CF670F1}.AppStore|iPhoneSimulator.Build.0 = Release|Any CPU
		{09DB065E-1FB9-4634-9342-41C03CF670F1}.AppStore|x64.ActiveCfg = Release|Any CPU
		{09DB065E-1FB9-4634-9342-41C03CF670F1}.AppStore|x64.Build.0 = Release|Any CPU
		{09DB065E-1FB9-4634-9342-41C03CF670F1}.AppStore|x86.ActiveCfg = Release|Any CPU
		{09DB065E-1FB9-4634-9342-41C03CF670F1}.AppStore|x86.Build.0 = Release|Any CPU
		{09DB065E-1FB9-4634-9342-41C03CF670F1}.Debug|Any CPU.ActiveCfg = Debug|Any CPU
		{09DB065E-1FB9-4634-9342-41C03CF670F1}.Debug|Any CPU.Build.0 = Debug|Any CPU
		{09DB065E-1FB9-4634-9342-41C03CF670F1}.Debug|ARM.ActiveCfg = Debug|Any CPU
		{09DB065E-1FB9-4634-9342-41C03CF670F1}.Debug|ARM.Build.0 = Debug|Any CPU
		{09DB065E-1FB9-4634-9342-41C03CF670F1}.Debug|iPhone.ActiveCfg = Debug|Any CPU
		{09DB065E-1FB9-4634-9342-41C03CF670F1}.Debug|iPhone.Build.0 = Debug|Any CPU
		{09DB065E-1FB9-4634-9342-41C03CF670F1}.Debug|iPhoneSimulator.ActiveCfg = Debug|Any CPU
		{09DB065E-1FB9-4634-9342-41C03CF670F1}.Debug|iPhoneSimulator.Build.0 = Debug|Any CPU
		{09DB065E-1FB9-4634-9342-41C03CF670F1}.Debug|x64.ActiveCfg = Debug|Any CPU
		{09DB065E-1FB9-4634-9342-41C03CF670F1}.Debug|x64.Build.0 = Debug|Any CPU
		{09DB065E-1FB9-4634-9342-41C03CF670F1}.Debug|x86.ActiveCfg = Debug|Any CPU
		{09DB065E-1FB9-4634-9342-41C03CF670F1}.Debug|x86.Build.0 = Debug|Any CPU
		{09DB065E-1FB9-4634-9342-41C03CF670F1}.Release|Any CPU.ActiveCfg = Release|Any CPU
		{09DB065E-1FB9-4634-9342-41C03CF670F1}.Release|Any CPU.Build.0 = Release|Any CPU
		{09DB065E-1FB9-4634-9342-41C03CF670F1}.Release|ARM.ActiveCfg = Release|Any CPU
		{09DB065E-1FB9-4634-9342-41C03CF670F1}.Release|ARM.Build.0 = Release|Any CPU
		{09DB065E-1FB9-4634-9342-41C03CF670F1}.Release|iPhone.ActiveCfg = Release|Any CPU
		{09DB065E-1FB9-4634-9342-41C03CF670F1}.Release|iPhone.Build.0 = Release|Any CPU
		{09DB065E-1FB9-4634-9342-41C03CF670F1}.Release|iPhoneSimulator.ActiveCfg = Release|Any CPU
		{09DB065E-1FB9-4634-9342-41C03CF670F1}.Release|iPhoneSimulator.Build.0 = Release|Any CPU
		{09DB065E-1FB9-4634-9342-41C03CF670F1}.Release|x64.ActiveCfg = Release|Any CPU
		{09DB065E-1FB9-4634-9342-41C03CF670F1}.Release|x64.Build.0 = Release|Any CPU
		{09DB065E-1FB9-4634-9342-41C03CF670F1}.Release|x86.ActiveCfg = Release|Any CPU
		{09DB065E-1FB9-4634-9342-41C03CF670F1}.Release|x86.Build.0 = Release|Any CPU
		{061CC3A5-EBC8-4E68-8F0F-1E873660E4F2}.Ad-Hoc|Any CPU.ActiveCfg = Release|Any CPU
		{061CC3A5-EBC8-4E68-8F0F-1E873660E4F2}.Ad-Hoc|Any CPU.Build.0 = Release|Any CPU
		{061CC3A5-EBC8-4E68-8F0F-1E873660E4F2}.Ad-Hoc|ARM.ActiveCfg = Release|Any CPU
		{061CC3A5-EBC8-4E68-8F0F-1E873660E4F2}.Ad-Hoc|ARM.Build.0 = Release|Any CPU
		{061CC3A5-EBC8-4E68-8F0F-1E873660E4F2}.Ad-Hoc|iPhone.ActiveCfg = Release|Any CPU
		{061CC3A5-EBC8-4E68-8F0F-1E873660E4F2}.Ad-Hoc|iPhone.Build.0 = Release|Any CPU
		{061CC3A5-EBC8-4E68-8F0F-1E873660E4F2}.Ad-Hoc|iPhoneSimulator.ActiveCfg = Release|Any CPU
		{061CC3A5-EBC8-4E68-8F0F-1E873660E4F2}.Ad-Hoc|iPhoneSimulator.Build.0 = Release|Any CPU
		{061CC3A5-EBC8-4E68-8F0F-1E873660E4F2}.Ad-Hoc|x64.ActiveCfg = Release|Any CPU
		{061CC3A5-EBC8-4E68-8F0F-1E873660E4F2}.Ad-Hoc|x64.Build.0 = Release|Any CPU
		{061CC3A5-EBC8-4E68-8F0F-1E873660E4F2}.Ad-Hoc|x86.ActiveCfg = Release|Any CPU
		{061CC3A5-EBC8-4E68-8F0F-1E873660E4F2}.Ad-Hoc|x86.Build.0 = Release|Any CPU
		{061CC3A5-EBC8-4E68-8F0F-1E873660E4F2}.AppStore|Any CPU.ActiveCfg = Release|Any CPU
		{061CC3A5-EBC8-4E68-8F0F-1E873660E4F2}.AppStore|Any CPU.Build.0 = Release|Any CPU
		{061CC3A5-EBC8-4E68-8F0F-1E873660E4F2}.AppStore|ARM.ActiveCfg = Release|Any CPU
		{061CC3A5-EBC8-4E68-8F0F-1E873660E4F2}.AppStore|ARM.Build.0 = Release|Any CPU
		{061CC3A5-EBC8-4E68-8F0F-1E873660E4F2}.AppStore|iPhone.ActiveCfg = Release|Any CPU
		{061CC3A5-EBC8-4E68-8F0F-1E873660E4F2}.AppStore|iPhone.Build.0 = Release|Any CPU
		{061CC3A5-EBC8-4E68-8F0F-1E873660E4F2}.AppStore|iPhoneSimulator.ActiveCfg = Release|Any CPU
		{061CC3A5-EBC8-4E68-8F0F-1E873660E4F2}.AppStore|iPhoneSimulator.Build.0 = Release|Any CPU
		{061CC3A5-EBC8-4E68-8F0F-1E873660E4F2}.AppStore|x64.ActiveCfg = Release|Any CPU
		{061CC3A5-EBC8-4E68-8F0F-1E873660E4F2}.AppStore|x64.Build.0 = Release|Any CPU
		{061CC3A5-EBC8-4E68-8F0F-1E873660E4F2}.AppStore|x86.ActiveCfg = Release|Any CPU
		{061CC3A5-EBC8-4E68-8F0F-1E873660E4F2}.AppStore|x86.Build.0 = Release|Any CPU
		{061CC3A5-EBC8-4E68-8F0F-1E873660E4F2}.Debug|Any CPU.ActiveCfg = Debug|Any CPU
		{061CC3A5-EBC8-4E68-8F0F-1E873660E4F2}.Debug|Any CPU.Build.0 = Debug|Any CPU
		{061CC3A5-EBC8-4E68-8F0F-1E873660E4F2}.Debug|Any CPU.Deploy.0 = Debug|Any CPU
		{061CC3A5-EBC8-4E68-8F0F-1E873660E4F2}.Debug|ARM.ActiveCfg = Debug|Any CPU
		{061CC3A5-EBC8-4E68-8F0F-1E873660E4F2}.Debug|ARM.Build.0 = Debug|Any CPU
		{061CC3A5-EBC8-4E68-8F0F-1E873660E4F2}.Debug|iPhone.ActiveCfg = Debug|Any CPU
		{061CC3A5-EBC8-4E68-8F0F-1E873660E4F2}.Debug|iPhone.Build.0 = Debug|Any CPU
		{061CC3A5-EBC8-4E68-8F0F-1E873660E4F2}.Debug|iPhoneSimulator.ActiveCfg = Debug|Any CPU
		{061CC3A5-EBC8-4E68-8F0F-1E873660E4F2}.Debug|iPhoneSimulator.Build.0 = Debug|Any CPU
		{061CC3A5-EBC8-4E68-8F0F-1E873660E4F2}.Debug|x64.ActiveCfg = Debug|Any CPU
		{061CC3A5-EBC8-4E68-8F0F-1E873660E4F2}.Debug|x64.Build.0 = Debug|Any CPU
		{061CC3A5-EBC8-4E68-8F0F-1E873660E4F2}.Debug|x86.ActiveCfg = Debug|Any CPU
		{061CC3A5-EBC8-4E68-8F0F-1E873660E4F2}.Debug|x86.Build.0 = Debug|Any CPU
		{061CC3A5-EBC8-4E68-8F0F-1E873660E4F2}.Release|Any CPU.ActiveCfg = Release|Any CPU
		{061CC3A5-EBC8-4E68-8F0F-1E873660E4F2}.Release|Any CPU.Build.0 = Release|Any CPU
		{061CC3A5-EBC8-4E68-8F0F-1E873660E4F2}.Release|Any CPU.Deploy.0 = Release|Any CPU
		{061CC3A5-EBC8-4E68-8F0F-1E873660E4F2}.Release|ARM.ActiveCfg = Release|Any CPU
		{061CC3A5-EBC8-4E68-8F0F-1E873660E4F2}.Release|ARM.Build.0 = Release|Any CPU
		{061CC3A5-EBC8-4E68-8F0F-1E873660E4F2}.Release|iPhone.ActiveCfg = Release|Any CPU
		{061CC3A5-EBC8-4E68-8F0F-1E873660E4F2}.Release|iPhone.Build.0 = Release|Any CPU
		{061CC3A5-EBC8-4E68-8F0F-1E873660E4F2}.Release|iPhoneSimulator.ActiveCfg = Release|Any CPU
		{061CC3A5-EBC8-4E68-8F0F-1E873660E4F2}.Release|iPhoneSimulator.Build.0 = Release|Any CPU
		{061CC3A5-EBC8-4E68-8F0F-1E873660E4F2}.Release|x64.ActiveCfg = Release|Any CPU
		{061CC3A5-EBC8-4E68-8F0F-1E873660E4F2}.Release|x64.Build.0 = Release|Any CPU
		{061CC3A5-EBC8-4E68-8F0F-1E873660E4F2}.Release|x86.ActiveCfg = Release|Any CPU
		{061CC3A5-EBC8-4E68-8F0F-1E873660E4F2}.Release|x86.Build.0 = Release|Any CPU
		{D793BE94-9692-42A9-B100-A6FC26D335F3}.Ad-Hoc|Any CPU.ActiveCfg = Release|Any CPU
		{D793BE94-9692-42A9-B100-A6FC26D335F3}.Ad-Hoc|Any CPU.Build.0 = Release|Any CPU
		{D793BE94-9692-42A9-B100-A6FC26D335F3}.Ad-Hoc|ARM.ActiveCfg = Release|Any CPU
		{D793BE94-9692-42A9-B100-A6FC26D335F3}.Ad-Hoc|ARM.Build.0 = Release|Any CPU
		{D793BE94-9692-42A9-B100-A6FC26D335F3}.Ad-Hoc|iPhone.ActiveCfg = Release|Any CPU
		{D793BE94-9692-42A9-B100-A6FC26D335F3}.Ad-Hoc|iPhone.Build.0 = Release|Any CPU
		{D793BE94-9692-42A9-B100-A6FC26D335F3}.Ad-Hoc|iPhoneSimulator.ActiveCfg = Release|Any CPU
		{D793BE94-9692-42A9-B100-A6FC26D335F3}.Ad-Hoc|iPhoneSimulator.Build.0 = Release|Any CPU
		{D793BE94-9692-42A9-B100-A6FC26D335F3}.Ad-Hoc|x64.ActiveCfg = Release|Any CPU
		{D793BE94-9692-42A9-B100-A6FC26D335F3}.Ad-Hoc|x64.Build.0 = Release|Any CPU
		{D793BE94-9692-42A9-B100-A6FC26D335F3}.Ad-Hoc|x86.ActiveCfg = Release|Any CPU
		{D793BE94-9692-42A9-B100-A6FC26D335F3}.Ad-Hoc|x86.Build.0 = Release|Any CPU
		{D793BE94-9692-42A9-B100-A6FC26D335F3}.AppStore|Any CPU.ActiveCfg = Release|Any CPU
		{D793BE94-9692-42A9-B100-A6FC26D335F3}.AppStore|Any CPU.Build.0 = Release|Any CPU
		{D793BE94-9692-42A9-B100-A6FC26D335F3}.AppStore|ARM.ActiveCfg = Release|Any CPU
		{D793BE94-9692-42A9-B100-A6FC26D335F3}.AppStore|ARM.Build.0 = Release|Any CPU
		{D793BE94-9692-42A9-B100-A6FC26D335F3}.AppStore|iPhone.ActiveCfg = Release|Any CPU
		{D793BE94-9692-42A9-B100-A6FC26D335F3}.AppStore|iPhone.Build.0 = Release|Any CPU
		{D793BE94-9692-42A9-B100-A6FC26D335F3}.AppStore|iPhoneSimulator.ActiveCfg = Release|Any CPU
		{D793BE94-9692-42A9-B100-A6FC26D335F3}.AppStore|iPhoneSimulator.Build.0 = Release|Any CPU
		{D793BE94-9692-42A9-B100-A6FC26D335F3}.AppStore|x64.ActiveCfg = Release|Any CPU
		{D793BE94-9692-42A9-B100-A6FC26D335F3}.AppStore|x64.Build.0 = Release|Any CPU
		{D793BE94-9692-42A9-B100-A6FC26D335F3}.AppStore|x86.ActiveCfg = Release|Any CPU
		{D793BE94-9692-42A9-B100-A6FC26D335F3}.AppStore|x86.Build.0 = Release|Any CPU
		{D793BE94-9692-42A9-B100-A6FC26D335F3}.Debug|Any CPU.ActiveCfg = Debug|Any CPU
		{D793BE94-9692-42A9-B100-A6FC26D335F3}.Debug|Any CPU.Build.0 = Debug|Any CPU
		{D793BE94-9692-42A9-B100-A6FC26D335F3}.Debug|ARM.ActiveCfg = Debug|Any CPU
		{D793BE94-9692-42A9-B100-A6FC26D335F3}.Debug|ARM.Build.0 = Debug|Any CPU
		{D793BE94-9692-42A9-B100-A6FC26D335F3}.Debug|iPhone.ActiveCfg = Debug|Any CPU
		{D793BE94-9692-42A9-B100-A6FC26D335F3}.Debug|iPhone.Build.0 = Debug|Any CPU
		{D793BE94-9692-42A9-B100-A6FC26D335F3}.Debug|iPhoneSimulator.ActiveCfg = Debug|Any CPU
		{D793BE94-9692-42A9-B100-A6FC26D335F3}.Debug|iPhoneSimulator.Build.0 = Debug|Any CPU
		{D793BE94-9692-42A9-B100-A6FC26D335F3}.Debug|x64.ActiveCfg = Debug|Any CPU
		{D793BE94-9692-42A9-B100-A6FC26D335F3}.Debug|x64.Build.0 = Debug|Any CPU
		{D793BE94-9692-42A9-B100-A6FC26D335F3}.Debug|x86.ActiveCfg = Debug|Any CPU
		{D793BE94-9692-42A9-B100-A6FC26D335F3}.Debug|x86.Build.0 = Debug|Any CPU
		{D793BE94-9692-42A9-B100-A6FC26D335F3}.Release|Any CPU.ActiveCfg = Release|Any CPU
		{D793BE94-9692-42A9-B100-A6FC26D335F3}.Release|Any CPU.Build.0 = Release|Any CPU
		{D793BE94-9692-42A9-B100-A6FC26D335F3}.Release|ARM.ActiveCfg = Release|Any CPU
		{D793BE94-9692-42A9-B100-A6FC26D335F3}.Release|ARM.Build.0 = Release|Any CPU
		{D793BE94-9692-42A9-B100-A6FC26D335F3}.Release|iPhone.ActiveCfg = Release|Any CPU
		{D793BE94-9692-42A9-B100-A6FC26D335F3}.Release|iPhone.Build.0 = Release|Any CPU
		{D793BE94-9692-42A9-B100-A6FC26D335F3}.Release|iPhoneSimulator.ActiveCfg = Release|Any CPU
		{D793BE94-9692-42A9-B100-A6FC26D335F3}.Release|iPhoneSimulator.Build.0 = Release|Any CPU
		{D793BE94-9692-42A9-B100-A6FC26D335F3}.Release|x64.ActiveCfg = Release|Any CPU
		{D793BE94-9692-42A9-B100-A6FC26D335F3}.Release|x64.Build.0 = Release|Any CPU
		{D793BE94-9692-42A9-B100-A6FC26D335F3}.Release|x86.ActiveCfg = Release|Any CPU
		{D793BE94-9692-42A9-B100-A6FC26D335F3}.Release|x86.Build.0 = Release|Any CPU
		{43DF2AAC-168A-4CCE-AD59-4A625EDAEED7}.Ad-Hoc|Any CPU.ActiveCfg = Release|x64
		{43DF2AAC-168A-4CCE-AD59-4A625EDAEED7}.Ad-Hoc|Any CPU.Build.0 = Release|x64
		{43DF2AAC-168A-4CCE-AD59-4A625EDAEED7}.Ad-Hoc|Any CPU.Deploy.0 = Release|x64
		{43DF2AAC-168A-4CCE-AD59-4A625EDAEED7}.Ad-Hoc|ARM.ActiveCfg = Release|ARM
		{43DF2AAC-168A-4CCE-AD59-4A625EDAEED7}.Ad-Hoc|ARM.Build.0 = Release|ARM
		{43DF2AAC-168A-4CCE-AD59-4A625EDAEED7}.Ad-Hoc|ARM.Deploy.0 = Release|ARM
		{43DF2AAC-168A-4CCE-AD59-4A625EDAEED7}.Ad-Hoc|ARM64.ActiveCfg = Release|ARM64
		{43DF2AAC-168A-4CCE-AD59-4A625EDAEED7}.Ad-Hoc|ARM64.Build.0 = Release|ARM64
		{43DF2AAC-168A-4CCE-AD59-4A625EDAEED7}.Ad-Hoc|ARM64.Deploy.0 = Release|ARM64
		{43DF2AAC-168A-4CCE-AD59-4A625EDAEED7}.Ad-Hoc|iPhone.ActiveCfg = Release|x64
		{43DF2AAC-168A-4CCE-AD59-4A625EDAEED7}.Ad-Hoc|iPhone.Build.0 = Release|x64
		{43DF2AAC-168A-4CCE-AD59-4A625EDAEED7}.Ad-Hoc|iPhone.Deploy.0 = Release|x64
		{43DF2AAC-168A-4CCE-AD59-4A625EDAEED7}.Ad-Hoc|iPhoneSimulator.ActiveCfg = Release|x64
		{43DF2AAC-168A-4CCE-AD59-4A625EDAEED7}.Ad-Hoc|iPhoneSimulator.Build.0 = Release|x64
		{43DF2AAC-168A-4CCE-AD59-4A625EDAEED7}.Ad-Hoc|iPhoneSimulator.Deploy.0 = Release|x64
		{43DF2AAC-168A-4CCE-AD59-4A625EDAEED7}.Ad-Hoc|x64.ActiveCfg = Release|x64
		{43DF2AAC-168A-4CCE-AD59-4A625EDAEED7}.Ad-Hoc|x64.Build.0 = Release|x64
		{43DF2AAC-168A-4CCE-AD59-4A625EDAEED7}.Ad-Hoc|x64.Deploy.0 = Release|x64
		{43DF2AAC-168A-4CCE-AD59-4A625EDAEED7}.Ad-Hoc|x86.ActiveCfg = Release|x86
		{43DF2AAC-168A-4CCE-AD59-4A625EDAEED7}.Ad-Hoc|x86.Build.0 = Release|x86
		{43DF2AAC-168A-4CCE-AD59-4A625EDAEED7}.Ad-Hoc|x86.Deploy.0 = Release|x86
		{43DF2AAC-168A-4CCE-AD59-4A625EDAEED7}.AppStore|Any CPU.ActiveCfg = Release|x64
		{43DF2AAC-168A-4CCE-AD59-4A625EDAEED7}.AppStore|Any CPU.Build.0 = Release|x64
		{43DF2AAC-168A-4CCE-AD59-4A625EDAEED7}.AppStore|Any CPU.Deploy.0 = Release|x64
		{43DF2AAC-168A-4CCE-AD59-4A625EDAEED7}.AppStore|ARM.ActiveCfg = Release|ARM
		{43DF2AAC-168A-4CCE-AD59-4A625EDAEED7}.AppStore|ARM.Build.0 = Release|ARM
		{43DF2AAC-168A-4CCE-AD59-4A625EDAEED7}.AppStore|ARM.Deploy.0 = Release|ARM
		{43DF2AAC-168A-4CCE-AD59-4A625EDAEED7}.AppStore|ARM64.ActiveCfg = Release|ARM64
		{43DF2AAC-168A-4CCE-AD59-4A625EDAEED7}.AppStore|ARM64.Build.0 = Release|ARM64
		{43DF2AAC-168A-4CCE-AD59-4A625EDAEED7}.AppStore|ARM64.Deploy.0 = Release|ARM64
		{43DF2AAC-168A-4CCE-AD59-4A625EDAEED7}.AppStore|iPhone.ActiveCfg = Release|x64
		{43DF2AAC-168A-4CCE-AD59-4A625EDAEED7}.AppStore|iPhone.Build.0 = Release|x64
		{43DF2AAC-168A-4CCE-AD59-4A625EDAEED7}.AppStore|iPhone.Deploy.0 = Release|x64
		{43DF2AAC-168A-4CCE-AD59-4A625EDAEED7}.AppStore|iPhoneSimulator.ActiveCfg = Release|x64
		{43DF2AAC-168A-4CCE-AD59-4A625EDAEED7}.AppStore|iPhoneSimulator.Build.0 = Release|x64
		{43DF2AAC-168A-4CCE-AD59-4A625EDAEED7}.AppStore|iPhoneSimulator.Deploy.0 = Release|x64
		{43DF2AAC-168A-4CCE-AD59-4A625EDAEED7}.AppStore|x64.ActiveCfg = Release|x64
		{43DF2AAC-168A-4CCE-AD59-4A625EDAEED7}.AppStore|x64.Build.0 = Release|x64
		{43DF2AAC-168A-4CCE-AD59-4A625EDAEED7}.AppStore|x64.Deploy.0 = Release|x64
		{43DF2AAC-168A-4CCE-AD59-4A625EDAEED7}.AppStore|x86.ActiveCfg = Release|x86
		{43DF2AAC-168A-4CCE-AD59-4A625EDAEED7}.AppStore|x86.Build.0 = Release|x86
		{43DF2AAC-168A-4CCE-AD59-4A625EDAEED7}.AppStore|x86.Deploy.0 = Release|x86
		{43DF2AAC-168A-4CCE-AD59-4A625EDAEED7}.Debug|Any CPU.ActiveCfg = Debug|x86
		{43DF2AAC-168A-4CCE-AD59-4A625EDAEED7}.Debug|ARM.ActiveCfg = Debug|ARM
		{43DF2AAC-168A-4CCE-AD59-4A625EDAEED7}.Debug|ARM.Build.0 = Debug|ARM
		{43DF2AAC-168A-4CCE-AD59-4A625EDAEED7}.Debug|ARM.Deploy.0 = Debug|ARM
		{43DF2AAC-168A-4CCE-AD59-4A625EDAEED7}.Debug|ARM64.ActiveCfg = Debug|ARM64
		{43DF2AAC-168A-4CCE-AD59-4A625EDAEED7}.Debug|ARM64.Build.0 = Debug|ARM64
		{43DF2AAC-168A-4CCE-AD59-4A625EDAEED7}.Debug|ARM64.Deploy.0 = Debug|ARM64
		{43DF2AAC-168A-4CCE-AD59-4A625EDAEED7}.Debug|iPhone.ActiveCfg = Debug|x86
		{43DF2AAC-168A-4CCE-AD59-4A625EDAEED7}.Debug|iPhoneSimulator.ActiveCfg = Debug|x86
		{43DF2AAC-168A-4CCE-AD59-4A625EDAEED7}.Debug|x64.ActiveCfg = Debug|x64
		{43DF2AAC-168A-4CCE-AD59-4A625EDAEED7}.Debug|x64.Build.0 = Debug|x64
		{43DF2AAC-168A-4CCE-AD59-4A625EDAEED7}.Debug|x64.Deploy.0 = Debug|x64
		{43DF2AAC-168A-4CCE-AD59-4A625EDAEED7}.Debug|x86.ActiveCfg = Debug|x86
		{43DF2AAC-168A-4CCE-AD59-4A625EDAEED7}.Debug|x86.Build.0 = Debug|x86
		{43DF2AAC-168A-4CCE-AD59-4A625EDAEED7}.Debug|x86.Deploy.0 = Debug|x86
		{43DF2AAC-168A-4CCE-AD59-4A625EDAEED7}.Release|Any CPU.ActiveCfg = Release|x86
		{43DF2AAC-168A-4CCE-AD59-4A625EDAEED7}.Release|ARM.ActiveCfg = Release|ARM
		{43DF2AAC-168A-4CCE-AD59-4A625EDAEED7}.Release|ARM.Build.0 = Release|ARM
		{43DF2AAC-168A-4CCE-AD59-4A625EDAEED7}.Release|ARM.Deploy.0 = Release|ARM
		{43DF2AAC-168A-4CCE-AD59-4A625EDAEED7}.Release|ARM64.ActiveCfg = Release|ARM64
		{43DF2AAC-168A-4CCE-AD59-4A625EDAEED7}.Release|ARM64.Build.0 = Release|ARM64
		{43DF2AAC-168A-4CCE-AD59-4A625EDAEED7}.Release|ARM64.Deploy.0 = Release|ARM64
		{43DF2AAC-168A-4CCE-AD59-4A625EDAEED7}.Release|iPhone.ActiveCfg = Release|x86
		{43DF2AAC-168A-4CCE-AD59-4A625EDAEED7}.Release|iPhoneSimulator.ActiveCfg = Release|x86
		{43DF2AAC-168A-4CCE-AD59-4A625EDAEED7}.Release|x64.ActiveCfg = Release|x64
		{43DF2AAC-168A-4CCE-AD59-4A625EDAEED7}.Release|x64.Build.0 = Release|x64
		{43DF2AAC-168A-4CCE-AD59-4A625EDAEED7}.Release|x64.Deploy.0 = Release|x64
		{43DF2AAC-168A-4CCE-AD59-4A625EDAEED7}.Release|x86.ActiveCfg = Release|x86
		{43DF2AAC-168A-4CCE-AD59-4A625EDAEED7}.Release|x86.Build.0 = Release|x86
		{43DF2AAC-168A-4CCE-AD59-4A625EDAEED7}.Release|x86.Deploy.0 = Release|x86
	EndGlobalSection
	GlobalSection(SolutionProperties) = preSolution
		HideSolutionNode = FALSE
	EndGlobalSection
	GlobalSection(ExtensibilityGlobals) = postSolution
		SolutionGuid = {F6D05029-56B8-4E45-AF2D-0E76295DDBA2}
	EndGlobalSection
EndGlobal
